// !$*UTF8*$!
{
	archiveVersion = 1;
	classes = {
	};
	objectVersion = 55;
	objects = {

/* Begin PBXBuildFile section */
		854734E827355C44009AFFB1 /* QuestionsView.swift in Sources */ = {isa = PBXBuildFile; fileRef = 854734E627355C44009AFFB1 /* QuestionsView.swift */; };
		854734E927355C44009AFFB1 /* QuestionsViewModel.swift in Sources */ = {isa = PBXBuildFile; fileRef = 854734E727355C44009AFFB1 /* QuestionsViewModel.swift */; };
		854734ED27356D8D009AFFB1 /* FinishViewModel.swift in Sources */ = {isa = PBXBuildFile; fileRef = 854734EB27356D8D009AFFB1 /* FinishViewModel.swift */; };
		854734EE27356D8D009AFFB1 /* FinishView.swift in Sources */ = {isa = PBXBuildFile; fileRef = 854734EC27356D8D009AFFB1 /* FinishView.swift */; };
		854734F7273573FC009AFFB1 /* WidgetKit.framework in Frameworks */ = {isa = PBXBuildFile; fileRef = 854734F6273573FC009AFFB1 /* WidgetKit.framework */; };
		854734F9273573FC009AFFB1 /* SwiftUI.framework in Frameworks */ = {isa = PBXBuildFile; fileRef = 854734F8273573FC009AFFB1 /* SwiftUI.framework */; };
		854734FC273573FC009AFFB1 /* CoolWidget.swift in Sources */ = {isa = PBXBuildFile; fileRef = 854734FB273573FC009AFFB1 /* CoolWidget.swift */; };
		854734FE273573FF009AFFB1 /* Assets.xcassets in Resources */ = {isa = PBXBuildFile; fileRef = 854734FD273573FF009AFFB1 /* Assets.xcassets */; };
		85473502273573FF009AFFB1 /* CoolWidgetExtension.appex in Embed App Extensions */ = {isa = PBXBuildFile; fileRef = 854734F4273573FC009AFFB1 /* CoolWidgetExtension.appex */; settings = {ATTRIBUTES = (RemoveHeadersOnCopy, ); }; };
		8547350827357480009AFFB1 /* Rubik-Regular.ttf in Resources */ = {isa = PBXBuildFile; fileRef = 85B2295627351400009E343D /* Rubik-Regular.ttf */; };
		8547350927357480009AFFB1 /* Rubik-Bold.ttf in Resources */ = {isa = PBXBuildFile; fileRef = 85B2295527351400009E343D /* Rubik-Bold.ttf */; };
		8547350A27357480009AFFB1 /* Rubik-Medium.ttf in Resources */ = {isa = PBXBuildFile; fileRef = 85B2295427351400009E343D /* Rubik-Medium.ttf */; };
		8547350B27357489009AFFB1 /* Fonts.swift in Sources */ = {isa = PBXBuildFile; fileRef = 85B2295C27351438009E343D /* Fonts.swift */; };
		8547350C273574F1009AFFB1 /* Colors.swift in Sources */ = {isa = PBXBuildFile; fileRef = 85B22966273518C4009E343D /* Colors.swift */; };
		8547350E27357516009AFFB1 /* SwiftUIX in Frameworks */ = {isa = PBXBuildFile; productRef = 8547350D27357516009AFFB1 /* SwiftUIX */; };
		8547350F2735763D009AFFB1 /* LocalWordModel.swift in Sources */ = {isa = PBXBuildFile; fileRef = 85B2298B27355561009E343D /* LocalWordModel.swift */; };
		8547351027357694009AFFB1 /* WordInfoModel.swift in Sources */ = {isa = PBXBuildFile; fileRef = 85B2297B27352661009E343D /* WordInfoModel.swift */; };
		85473512273576A8009AFFB1 /* DynamicColor in Frameworks */ = {isa = PBXBuildFile; productRef = 85473511273576A8009AFFB1 /* DynamicColor */; };
		8547351827357956009AFFB1 /* Assets.xcassets in Resources */ = {isa = PBXBuildFile; fileRef = 8547351727357956009AFFB1 /* Assets.xcassets */; };
		8547351E27357956009AFFB1 /* CoolWatch WatchKit Extension.appex in Embed App Extensions */ = {isa = PBXBuildFile; fileRef = 8547351D27357956009AFFB1 /* CoolWatch WatchKit Extension.appex */; settings = {ATTRIBUTES = (RemoveHeadersOnCopy, ); }; };
		8547352327357956009AFFB1 /* WordsFactoryApp.swift in Sources */ = {isa = PBXBuildFile; fileRef = 8547352227357956009AFFB1 /* WordsFactoryApp.swift */; };
		8547352527357956009AFFB1 /* ContentView.swift in Sources */ = {isa = PBXBuildFile; fileRef = 8547352427357956009AFFB1 /* ContentView.swift */; };
		8547352727357956009AFFB1 /* NotificationController.swift in Sources */ = {isa = PBXBuildFile; fileRef = 8547352627357956009AFFB1 /* NotificationController.swift */; };
		8547352927357956009AFFB1 /* NotificationView.swift in Sources */ = {isa = PBXBuildFile; fileRef = 8547352827357956009AFFB1 /* NotificationView.swift */; };
		8547352B27357956009AFFB1 /* ComplicationController.swift in Sources */ = {isa = PBXBuildFile; fileRef = 8547352A27357956009AFFB1 /* ComplicationController.swift */; };
		8547352D27357957009AFFB1 /* Assets.xcassets in Resources */ = {isa = PBXBuildFile; fileRef = 8547352C27357957009AFFB1 /* Assets.xcassets */; };
		8547353027357957009AFFB1 /* Preview Assets.xcassets in Resources */ = {isa = PBXBuildFile; fileRef = 8547352F27357957009AFFB1 /* Preview Assets.xcassets */; };
		8547353527357957009AFFB1 /* CoolWatch.app in Embed Watch Content */ = {isa = PBXBuildFile; fileRef = 8547351527357954009AFFB1 /* CoolWatch.app */; settings = {ATTRIBUTES = (RemoveHeadersOnCopy, ); }; };
		85473541273579E8009AFFB1 /* StartView.swift in Sources */ = {isa = PBXBuildFile; fileRef = 85473540273579E8009AFFB1 /* StartView.swift */; };
		85473543273579EF009AFFB1 /* StartViewModel.swift in Sources */ = {isa = PBXBuildFile; fileRef = 85473542273579EF009AFFB1 /* StartViewModel.swift */; };
		8547354527357B1F009AFFB1 /* SwiftUIX in Frameworks */ = {isa = PBXBuildFile; productRef = 8547354427357B1F009AFFB1 /* SwiftUIX */; };
		8547354627357B97009AFFB1 /* Fonts.swift in Sources */ = {isa = PBXBuildFile; fileRef = 85B2295C27351438009E343D /* Fonts.swift */; };
		8547354727357BA5009AFFB1 /* Colors.swift in Sources */ = {isa = PBXBuildFile; fileRef = 85B22966273518C4009E343D /* Colors.swift */; };
		8547354927357BCD009AFFB1 /* DynamicColor in Frameworks */ = {isa = PBXBuildFile; productRef = 8547354827357BCD009AFFB1 /* DynamicColor */; };
		8547354A27357BE5009AFFB1 /* StartViewModel.swift in Sources */ = {isa = PBXBuildFile; fileRef = 85473542273579EF009AFFB1 /* StartViewModel.swift */; };
		8547354B27357BF1009AFFB1 /* WordInfoModel.swift in Sources */ = {isa = PBXBuildFile; fileRef = 85B2297B27352661009E343D /* WordInfoModel.swift */; };
		8547354C27357C03009AFFB1 /* LocalWordModel.swift in Sources */ = {isa = PBXBuildFile; fileRef = 85B2298B27355561009E343D /* LocalWordModel.swift */; };
		8547355127357D4C009AFFB1 /* QuestionsView.swift in Sources */ = {isa = PBXBuildFile; fileRef = 8547354F27357D4C009AFFB1 /* QuestionsView.swift */; };
		8547355227357D4C009AFFB1 /* QuestionsViewModel.swift in Sources */ = {isa = PBXBuildFile; fileRef = 8547355027357D4C009AFFB1 /* QuestionsViewModel.swift */; };
		85B228F92735091C009E343D /* WordsFactoryApp.swift in Sources */ = {isa = PBXBuildFile; fileRef = 85B228F82735091C009E343D /* WordsFactoryApp.swift */; };
		85B228FB2735091C009E343D /* ContentView.swift in Sources */ = {isa = PBXBuildFile; fileRef = 85B228FA2735091C009E343D /* ContentView.swift */; };
		85B228FD2735091E009E343D /* Assets.xcassets in Resources */ = {isa = PBXBuildFile; fileRef = 85B228FC2735091E009E343D /* Assets.xcassets */; };
		85B229002735091E009E343D /* Preview Assets.xcassets in Resources */ = {isa = PBXBuildFile; fileRef = 85B228FF2735091E009E343D /* Preview Assets.xcassets */; };
		85B229022735091E009E343D /* Persistence.swift in Sources */ = {isa = PBXBuildFile; fileRef = 85B229012735091E009E343D /* Persistence.swift */; };
		85B229052735091E009E343D /* WordsFactory.xcdatamodeld in Sources */ = {isa = PBXBuildFile; fileRef = 85B229032735091E009E343D /* WordsFactory.xcdatamodeld */; };
		85B2290F2735091E009E343D /* WordsFactoryTests.swift in Sources */ = {isa = PBXBuildFile; fileRef = 85B2290E2735091E009E343D /* WordsFactoryTests.swift */; };
		85B229192735091E009E343D /* WordsFactoryUITests.swift in Sources */ = {isa = PBXBuildFile; fileRef = 85B229182735091E009E343D /* WordsFactoryUITests.swift */; };
		85B2291B2735091E009E343D /* WordsFactoryUITestsLaunchTests.swift in Sources */ = {isa = PBXBuildFile; fileRef = 85B2291A2735091E009E343D /* WordsFactoryUITestsLaunchTests.swift */; };
		85B22929273509E5009E343D /* Alamofire in Frameworks */ = {isa = PBXBuildFile; productRef = 85B22928273509E5009E343D /* Alamofire */; };
		85B2292C273509F3009E343D /* AlamofireNetworkActivityLogger in Frameworks */ = {isa = PBXBuildFile; productRef = 85B2292B273509F3009E343D /* AlamofireNetworkActivityLogger */; };
		85B2292F27350A01009E343D /* MediaCore in Frameworks */ = {isa = PBXBuildFile; productRef = 85B2292E27350A01009E343D /* MediaCore */; };
		85B2293127350A01009E343D /* MediaSwiftUI in Frameworks */ = {isa = PBXBuildFile; productRef = 85B2293027350A01009E343D /* MediaSwiftUI */; };
		85B2293427350A0A009E343D /* SwiftUIFlowLayout in Frameworks */ = {isa = PBXBuildFile; productRef = 85B2293327350A0A009E343D /* SwiftUIFlowLayout */; };
		85B2293727350A18009E343D /* SwiftyJSON in Frameworks */ = {isa = PBXBuildFile; productRef = 85B2293627350A18009E343D /* SwiftyJSON */; };
		85B2293A27350A23009E343D /* DynamicColor in Frameworks */ = {isa = PBXBuildFile; productRef = 85B2293927350A23009E343D /* DynamicColor */; };
		85B2293D27350A2D009E343D /* SwiftUIX in Frameworks */ = {isa = PBXBuildFile; productRef = 85B2293C27350A2D009E343D /* SwiftUIX */; };
		85B2294027350A3A009E343D /* PureSwiftUI in Frameworks */ = {isa = PBXBuildFile; productRef = 85B2293F27350A3A009E343D /* PureSwiftUI */; };
		85B2294327350A49009E343D /* SDWebImageSwiftUI in Frameworks */ = {isa = PBXBuildFile; productRef = 85B2294227350A49009E343D /* SDWebImageSwiftUI */; };
		85B2294627350A5D009E343D /* Regex in Frameworks */ = {isa = PBXBuildFile; productRef = 85B2294527350A5D009E343D /* Regex */; };
		85B2294927350A78009E343D /* SwipeCell in Frameworks */ = {isa = PBXBuildFile; productRef = 85B2294827350A78009E343D /* SwipeCell */; };
		85B2294C27350A91009E343D /* Introspect in Frameworks */ = {isa = PBXBuildFile; productRef = 85B2294B27350A91009E343D /* Introspect */; };
		85B22951273513EC009E343D /* ShowcaseView.swift in Sources */ = {isa = PBXBuildFile; fileRef = 85B22950273513EC009E343D /* ShowcaseView.swift */; };
		85B22953273513F4009E343D /* ShowcaseViewModel.swift in Sources */ = {isa = PBXBuildFile; fileRef = 85B22952273513F4009E343D /* ShowcaseViewModel.swift */; };
		85B2295727351400009E343D /* Rubik-Medium.ttf in Resources */ = {isa = PBXBuildFile; fileRef = 85B2295427351400009E343D /* Rubik-Medium.ttf */; };
		85B2295827351400009E343D /* Rubik-Bold.ttf in Resources */ = {isa = PBXBuildFile; fileRef = 85B2295527351400009E343D /* Rubik-Bold.ttf */; };
		85B2295927351400009E343D /* Rubik-Regular.ttf in Resources */ = {isa = PBXBuildFile; fileRef = 85B2295627351400009E343D /* Rubik-Regular.ttf */; };
		85B2295D27351438009E343D /* Fonts.swift in Sources */ = {isa = PBXBuildFile; fileRef = 85B2295C27351438009E343D /* Fonts.swift */; };
		85B2295F273514C2009E343D /* Launch Screen.storyboard in Resources */ = {isa = PBXBuildFile; fileRef = 85B2295E273514C2009E343D /* Launch Screen.storyboard */; };
		85B229612735156F009E343D /* ViewModel.swift in Sources */ = {isa = PBXBuildFile; fileRef = 85B229602735156F009E343D /* ViewModel.swift */; };
		85B2296327351583009E343D /* Notifications.swift in Sources */ = {isa = PBXBuildFile; fileRef = 85B2296227351583009E343D /* Notifications.swift */; };
		85B22965273515D0009E343D /* TabbedView.swift in Sources */ = {isa = PBXBuildFile; fileRef = 85B22964273515D0009E343D /* TabbedView.swift */; };
		85B22967273518C4009E343D /* Colors.swift in Sources */ = {isa = PBXBuildFile; fileRef = 85B22966273518C4009E343D /* Colors.swift */; };
		85B2296927351A24009E343D /* BS.swift in Sources */ = {isa = PBXBuildFile; fileRef = 85B2296827351A24009E343D /* BS.swift */; };
		85B2296D27351E0A009E343D /* AuthViewModel.swift in Sources */ = {isa = PBXBuildFile; fileRef = 85B2296B27351E0A009E343D /* AuthViewModel.swift */; };
		85B2296E27351E0A009E343D /* AuthView.swift in Sources */ = {isa = PBXBuildFile; fileRef = 85B2296C27351E0A009E343D /* AuthView.swift */; };
		85B2297127351E47009E343D /* MyTextField.swift in Sources */ = {isa = PBXBuildFile; fileRef = 85B2297027351E47009E343D /* MyTextField.swift */; };
		85B229752735259F009E343D /* MainViewModel.swift in Sources */ = {isa = PBXBuildFile; fileRef = 85B229732735259F009E343D /* MainViewModel.swift */; };
		85B229762735259F009E343D /* MainView.swift in Sources */ = {isa = PBXBuildFile; fileRef = 85B229742735259F009E343D /* MainView.swift */; };
		85B22979273525DC009E343D /* NetworkServiceSingleton.swift in Sources */ = {isa = PBXBuildFile; fileRef = 85B22978273525DC009E343D /* NetworkServiceSingleton.swift */; };
		85B2297C27352661009E343D /* WordInfoModel.swift in Sources */ = {isa = PBXBuildFile; fileRef = 85B2297B27352661009E343D /* WordInfoModel.swift */; };
		85B2297F27353253009E343D /* WordInfoView.swift in Sources */ = {isa = PBXBuildFile; fileRef = 85B2297E27353253009E343D /* WordInfoView.swift */; };
		85B2298127353317009E343D /* DefCardView.swift in Sources */ = {isa = PBXBuildFile; fileRef = 85B2298027353317009E343D /* DefCardView.swift */; };
		85B2298427353965009E343D /* WebAdapterView.swift in Sources */ = {isa = PBXBuildFile; fileRef = 85B2298327353965009E343D /* WebAdapterView.swift */; };
		85B2298727353A41009E343D /* VideoView.swift in Sources */ = {isa = PBXBuildFile; fileRef = 85B2298527353A41009E343D /* VideoView.swift */; };
		85B2298827353A41009E343D /* VideoViewModel.swift in Sources */ = {isa = PBXBuildFile; fileRef = 85B2298627353A41009E343D /* VideoViewModel.swift */; };
		85B2298A27353D89009E343D /* MusicServiceSingleton.swift in Sources */ = {isa = PBXBuildFile; fileRef = 85B2298927353D89009E343D /* MusicServiceSingleton.swift */; };
		85B2298C27355561009E343D /* LocalWordModel.swift in Sources */ = {isa = PBXBuildFile; fileRef = 85B2298B27355561009E343D /* LocalWordModel.swift */; };
		85B22990273555EE009E343D /* TrainingView.swift in Sources */ = {isa = PBXBuildFile; fileRef = 85B2298E273555EE009E343D /* TrainingView.swift */; };
		85B22991273555EE009E343D /* TrainingViewModel.swift in Sources */ = {isa = PBXBuildFile; fileRef = 85B2298F273555EE009E343D /* TrainingViewModel.swift */; };
/* End PBXBuildFile section */

/* Begin PBXContainerItemProxy section */
		85473500273573FF009AFFB1 /* PBXContainerItemProxy */ = {
			isa = PBXContainerItemProxy;
			containerPortal = 85B228ED2735091C009E343D /* Project object */;
			proxyType = 1;
			remoteGlobalIDString = 854734F3273573FC009AFFB1;
			remoteInfo = CoolWidgetExtension;
		};
		8547351F27357956009AFFB1 /* PBXContainerItemProxy */ = {
			isa = PBXContainerItemProxy;
			containerPortal = 85B228ED2735091C009E343D /* Project object */;
			proxyType = 1;
			remoteGlobalIDString = 8547351C27357956009AFFB1;
			remoteInfo = "CoolWatch WatchKit Extension";
		};
		8547353327357957009AFFB1 /* PBXContainerItemProxy */ = {
			isa = PBXContainerItemProxy;
			containerPortal = 85B228ED2735091C009E343D /* Project object */;
			proxyType = 1;
			remoteGlobalIDString = 8547351427357954009AFFB1;
			remoteInfo = CoolWatch;
		};
		85B2290B2735091E009E343D /* PBXContainerItemProxy */ = {
			isa = PBXContainerItemProxy;
			containerPortal = 85B228ED2735091C009E343D /* Project object */;
			proxyType = 1;
			remoteGlobalIDString = 85B228F42735091C009E343D;
			remoteInfo = WordsFactory;
		};
		85B229152735091E009E343D /* PBXContainerItemProxy */ = {
			isa = PBXContainerItemProxy;
			containerPortal = 85B228ED2735091C009E343D /* Project object */;
			proxyType = 1;
			remoteGlobalIDString = 85B228F42735091C009E343D;
			remoteInfo = WordsFactory;
		};
/* End PBXContainerItemProxy section */

/* Begin PBXCopyFilesBuildPhase section */
		85473506273573FF009AFFB1 /* Embed App Extensions */ = {
			isa = PBXCopyFilesBuildPhase;
			buildActionMask = 2147483647;
			dstPath = "";
			dstSubfolderSpec = 13;
			files = (
				85473502273573FF009AFFB1 /* CoolWidgetExtension.appex in Embed App Extensions */,
			);
			name = "Embed App Extensions";
			runOnlyForDeploymentPostprocessing = 0;
		};
		8547353927357957009AFFB1 /* Embed App Extensions */ = {
			isa = PBXCopyFilesBuildPhase;
			buildActionMask = 2147483647;
			dstPath = "";
			dstSubfolderSpec = 13;
			files = (
				8547351E27357956009AFFB1 /* CoolWatch WatchKit Extension.appex in Embed App Extensions */,
			);
			name = "Embed App Extensions";
			runOnlyForDeploymentPostprocessing = 0;
		};
		8547353D27357957009AFFB1 /* Embed Watch Content */ = {
			isa = PBXCopyFilesBuildPhase;
			buildActionMask = 2147483647;
			dstPath = "$(CONTENTS_FOLDER_PATH)/Watch";
			dstSubfolderSpec = 16;
			files = (
				8547353527357957009AFFB1 /* CoolWatch.app in Embed Watch Content */,
			);
			name = "Embed Watch Content";
			runOnlyForDeploymentPostprocessing = 0;
		};
/* End PBXCopyFilesBuildPhase section */

/* Begin PBXFileReference section */
		854734E627355C44009AFFB1 /* QuestionsView.swift */ = {isa = PBXFileReference; fileEncoding = 4; lastKnownFileType = sourcecode.swift; path = QuestionsView.swift; sourceTree = "<group>"; };
		854734E727355C44009AFFB1 /* QuestionsViewModel.swift */ = {isa = PBXFileReference; fileEncoding = 4; lastKnownFileType = sourcecode.swift; path = QuestionsViewModel.swift; sourceTree = "<group>"; };
		854734EB27356D8D009AFFB1 /* FinishViewModel.swift */ = {isa = PBXFileReference; fileEncoding = 4; lastKnownFileType = sourcecode.swift; path = FinishViewModel.swift; sourceTree = "<group>"; };
		854734EC27356D8D009AFFB1 /* FinishView.swift */ = {isa = PBXFileReference; fileEncoding = 4; lastKnownFileType = sourcecode.swift; path = FinishView.swift; sourceTree = "<group>"; };
		854734EF273573D9009AFFB1 /* WordsFactory.entitlements */ = {isa = PBXFileReference; lastKnownFileType = text.plist.entitlements; path = WordsFactory.entitlements; sourceTree = "<group>"; };
		854734F4273573FC009AFFB1 /* CoolWidgetExtension.appex */ = {isa = PBXFileReference; explicitFileType = "wrapper.app-extension"; includeInIndex = 0; path = CoolWidgetExtension.appex; sourceTree = BUILT_PRODUCTS_DIR; };
		854734F6273573FC009AFFB1 /* WidgetKit.framework */ = {isa = PBXFileReference; lastKnownFileType = wrapper.framework; name = WidgetKit.framework; path = System/Library/Frameworks/WidgetKit.framework; sourceTree = SDKROOT; };
		854734F8273573FC009AFFB1 /* SwiftUI.framework */ = {isa = PBXFileReference; lastKnownFileType = wrapper.framework; name = SwiftUI.framework; path = System/Library/Frameworks/SwiftUI.framework; sourceTree = SDKROOT; };
		854734FB273573FC009AFFB1 /* CoolWidget.swift */ = {isa = PBXFileReference; lastKnownFileType = sourcecode.swift; path = CoolWidget.swift; sourceTree = "<group>"; };
		854734FD273573FF009AFFB1 /* Assets.xcassets */ = {isa = PBXFileReference; lastKnownFileType = folder.assetcatalog; path = Assets.xcassets; sourceTree = "<group>"; };
		854734FF273573FF009AFFB1 /* Info.plist */ = {isa = PBXFileReference; lastKnownFileType = text.plist.xml; path = Info.plist; sourceTree = "<group>"; };
		8547350727357406009AFFB1 /* CoolWidgetExtension.entitlements */ = {isa = PBXFileReference; lastKnownFileType = text.plist.entitlements; path = CoolWidgetExtension.entitlements; sourceTree = "<group>"; };
		8547351527357954009AFFB1 /* CoolWatch.app */ = {isa = PBXFileReference; explicitFileType = wrapper.application; includeInIndex = 0; path = CoolWatch.app; sourceTree = BUILT_PRODUCTS_DIR; };
		8547351727357956009AFFB1 /* Assets.xcassets */ = {isa = PBXFileReference; lastKnownFileType = folder.assetcatalog; path = Assets.xcassets; sourceTree = "<group>"; };
		8547351D27357956009AFFB1 /* CoolWatch WatchKit Extension.appex */ = {isa = PBXFileReference; explicitFileType = "wrapper.app-extension"; includeInIndex = 0; path = "CoolWatch WatchKit Extension.appex"; sourceTree = BUILT_PRODUCTS_DIR; };
		8547352227357956009AFFB1 /* WordsFactoryApp.swift */ = {isa = PBXFileReference; lastKnownFileType = sourcecode.swift; path = WordsFactoryApp.swift; sourceTree = "<group>"; };
		8547352427357956009AFFB1 /* ContentView.swift */ = {isa = PBXFileReference; lastKnownFileType = sourcecode.swift; path = ContentView.swift; sourceTree = "<group>"; };
		8547352627357956009AFFB1 /* NotificationController.swift */ = {isa = PBXFileReference; lastKnownFileType = sourcecode.swift; path = NotificationController.swift; sourceTree = "<group>"; };
		8547352827357956009AFFB1 /* NotificationView.swift */ = {isa = PBXFileReference; lastKnownFileType = sourcecode.swift; path = NotificationView.swift; sourceTree = "<group>"; };
		8547352A27357956009AFFB1 /* ComplicationController.swift */ = {isa = PBXFileReference; lastKnownFileType = sourcecode.swift; path = ComplicationController.swift; sourceTree = "<group>"; };
		8547352C27357957009AFFB1 /* Assets.xcassets */ = {isa = PBXFileReference; lastKnownFileType = folder.assetcatalog; path = Assets.xcassets; sourceTree = "<group>"; };
		8547352F27357957009AFFB1 /* Preview Assets.xcassets */ = {isa = PBXFileReference; lastKnownFileType = folder.assetcatalog; path = "Preview Assets.xcassets"; sourceTree = "<group>"; };
		8547353127357957009AFFB1 /* Info.plist */ = {isa = PBXFileReference; lastKnownFileType = text.plist.xml; path = Info.plist; sourceTree = "<group>"; };
		8547353227357957009AFFB1 /* PushNotificationPayload.apns */ = {isa = PBXFileReference; lastKnownFileType = text; path = PushNotificationPayload.apns; sourceTree = "<group>"; };
		8547353E2735795F009AFFB1 /* CoolWatch WatchKit Extension.entitlements */ = {isa = PBXFileReference; lastKnownFileType = text.plist.entitlements; path = "CoolWatch WatchKit Extension.entitlements"; sourceTree = "<group>"; };
		85473540273579E8009AFFB1 /* StartView.swift */ = {isa = PBXFileReference; lastKnownFileType = sourcecode.swift; path = StartView.swift; sourceTree = "<group>"; };
		85473542273579EF009AFFB1 /* StartViewModel.swift */ = {isa = PBXFileReference; lastKnownFileType = sourcecode.swift; path = StartViewModel.swift; sourceTree = "<group>"; };
		8547354F27357D4C009AFFB1 /* QuestionsView.swift */ = {isa = PBXFileReference; fileEncoding = 4; lastKnownFileType = sourcecode.swift; path = QuestionsView.swift; sourceTree = "<group>"; };
		8547355027357D4C009AFFB1 /* QuestionsViewModel.swift */ = {isa = PBXFileReference; fileEncoding = 4; lastKnownFileType = sourcecode.swift; path = QuestionsViewModel.swift; sourceTree = "<group>"; };
		8547355327358023009AFFB1 /* CoolWatch.entitlements */ = {isa = PBXFileReference; lastKnownFileType = text.plist.entitlements; path = CoolWatch.entitlements; sourceTree = "<group>"; };
		85B228F52735091C009E343D /* WordsFactory.app */ = {isa = PBXFileReference; explicitFileType = wrapper.application; includeInIndex = 0; path = WordsFactory.app; sourceTree = BUILT_PRODUCTS_DIR; };
		85B228F82735091C009E343D /* WordsFactoryApp.swift */ = {isa = PBXFileReference; lastKnownFileType = sourcecode.swift; path = WordsFactoryApp.swift; sourceTree = "<group>"; };
		85B228FA2735091C009E343D /* ContentView.swift */ = {isa = PBXFileReference; lastKnownFileType = sourcecode.swift; path = ContentView.swift; sourceTree = "<group>"; };
		85B228FC2735091E009E343D /* Assets.xcassets */ = {isa = PBXFileReference; lastKnownFileType = folder.assetcatalog; path = Assets.xcassets; sourceTree = "<group>"; };
		85B228FF2735091E009E343D /* Preview Assets.xcassets */ = {isa = PBXFileReference; lastKnownFileType = folder.assetcatalog; path = "Preview Assets.xcassets"; sourceTree = "<group>"; };
		85B229012735091E009E343D /* Persistence.swift */ = {isa = PBXFileReference; lastKnownFileType = sourcecode.swift; path = Persistence.swift; sourceTree = "<group>"; };
		85B229042735091E009E343D /* WordsFactory.xcdatamodel */ = {isa = PBXFileReference; lastKnownFileType = wrapper.xcdatamodel; path = WordsFactory.xcdatamodel; sourceTree = "<group>"; };
		85B2290A2735091E009E343D /* WordsFactoryTests.xctest */ = {isa = PBXFileReference; explicitFileType = wrapper.cfbundle; includeInIndex = 0; path = WordsFactoryTests.xctest; sourceTree = BUILT_PRODUCTS_DIR; };
		85B2290E2735091E009E343D /* WordsFactoryTests.swift */ = {isa = PBXFileReference; lastKnownFileType = sourcecode.swift; path = WordsFactoryTests.swift; sourceTree = "<group>"; };
		85B229142735091E009E343D /* WordsFactoryUITests.xctest */ = {isa = PBXFileReference; explicitFileType = wrapper.cfbundle; includeInIndex = 0; path = WordsFactoryUITests.xctest; sourceTree = BUILT_PRODUCTS_DIR; };
		85B229182735091E009E343D /* WordsFactoryUITests.swift */ = {isa = PBXFileReference; lastKnownFileType = sourcecode.swift; path = WordsFactoryUITests.swift; sourceTree = "<group>"; };
		85B2291A2735091E009E343D /* WordsFactoryUITestsLaunchTests.swift */ = {isa = PBXFileReference; lastKnownFileType = sourcecode.swift; path = WordsFactoryUITestsLaunchTests.swift; sourceTree = "<group>"; };
		85B22950273513EC009E343D /* ShowcaseView.swift */ = {isa = PBXFileReference; lastKnownFileType = sourcecode.swift; path = ShowcaseView.swift; sourceTree = "<group>"; };
		85B22952273513F4009E343D /* ShowcaseViewModel.swift */ = {isa = PBXFileReference; lastKnownFileType = sourcecode.swift; path = ShowcaseViewModel.swift; sourceTree = "<group>"; };
		85B2295427351400009E343D /* Rubik-Medium.ttf */ = {isa = PBXFileReference; lastKnownFileType = file; path = "Rubik-Medium.ttf"; sourceTree = "<group>"; };
		85B2295527351400009E343D /* Rubik-Bold.ttf */ = {isa = PBXFileReference; lastKnownFileType = file; path = "Rubik-Bold.ttf"; sourceTree = "<group>"; };
		85B2295627351400009E343D /* Rubik-Regular.ttf */ = {isa = PBXFileReference; lastKnownFileType = file; path = "Rubik-Regular.ttf"; sourceTree = "<group>"; };
		85B2295A27351410009E343D /* Info.plist */ = {isa = PBXFileReference; lastKnownFileType = text.plist; path = Info.plist; sourceTree = "<group>"; };
		85B2295C27351438009E343D /* Fonts.swift */ = {isa = PBXFileReference; lastKnownFileType = sourcecode.swift; path = Fonts.swift; sourceTree = "<group>"; };
		85B2295E273514C2009E343D /* Launch Screen.storyboard */ = {isa = PBXFileReference; lastKnownFileType = file.storyboard; path = "Launch Screen.storyboard"; sourceTree = "<group>"; };
		85B229602735156F009E343D /* ViewModel.swift */ = {isa = PBXFileReference; lastKnownFileType = sourcecode.swift; path = ViewModel.swift; sourceTree = "<group>"; };
		85B2296227351583009E343D /* Notifications.swift */ = {isa = PBXFileReference; lastKnownFileType = sourcecode.swift; path = Notifications.swift; sourceTree = "<group>"; };
		85B22964273515D0009E343D /* TabbedView.swift */ = {isa = PBXFileReference; lastKnownFileType = sourcecode.swift; path = TabbedView.swift; sourceTree = "<group>"; };
		85B22966273518C4009E343D /* Colors.swift */ = {isa = PBXFileReference; lastKnownFileType = sourcecode.swift; path = Colors.swift; sourceTree = "<group>"; };
		85B2296827351A24009E343D /* BS.swift */ = {isa = PBXFileReference; lastKnownFileType = sourcecode.swift; path = BS.swift; sourceTree = "<group>"; };
		85B2296B27351E0A009E343D /* AuthViewModel.swift */ = {isa = PBXFileReference; fileEncoding = 4; lastKnownFileType = sourcecode.swift; path = AuthViewModel.swift; sourceTree = "<group>"; };
		85B2296C27351E0A009E343D /* AuthView.swift */ = {isa = PBXFileReference; fileEncoding = 4; lastKnownFileType = sourcecode.swift; path = AuthView.swift; sourceTree = "<group>"; };
		85B2297027351E47009E343D /* MyTextField.swift */ = {isa = PBXFileReference; lastKnownFileType = sourcecode.swift; path = MyTextField.swift; sourceTree = "<group>"; };
		85B229732735259F009E343D /* MainViewModel.swift */ = {isa = PBXFileReference; fileEncoding = 4; lastKnownFileType = sourcecode.swift; path = MainViewModel.swift; sourceTree = "<group>"; };
		85B229742735259F009E343D /* MainView.swift */ = {isa = PBXFileReference; fileEncoding = 4; lastKnownFileType = sourcecode.swift; path = MainView.swift; sourceTree = "<group>"; };
		85B22978273525DC009E343D /* NetworkServiceSingleton.swift */ = {isa = PBXFileReference; lastKnownFileType = sourcecode.swift; path = NetworkServiceSingleton.swift; sourceTree = "<group>"; };
		85B2297B27352661009E343D /* WordInfoModel.swift */ = {isa = PBXFileReference; lastKnownFileType = sourcecode.swift; path = WordInfoModel.swift; sourceTree = "<group>"; };
		85B2297D273530A0009E343D /* README.md */ = {isa = PBXFileReference; lastKnownFileType = net.daringfireball.markdown; path = README.md; sourceTree = "<group>"; };
		85B2297E27353253009E343D /* WordInfoView.swift */ = {isa = PBXFileReference; lastKnownFileType = sourcecode.swift; path = WordInfoView.swift; sourceTree = "<group>"; };
		85B2298027353317009E343D /* DefCardView.swift */ = {isa = PBXFileReference; lastKnownFileType = sourcecode.swift; path = DefCardView.swift; sourceTree = "<group>"; };
		85B2298327353965009E343D /* WebAdapterView.swift */ = {isa = PBXFileReference; lastKnownFileType = sourcecode.swift; path = WebAdapterView.swift; sourceTree = "<group>"; };
		85B2298527353A41009E343D /* VideoView.swift */ = {isa = PBXFileReference; fileEncoding = 4; lastKnownFileType = sourcecode.swift; path = VideoView.swift; sourceTree = "<group>"; };
		85B2298627353A41009E343D /* VideoViewModel.swift */ = {isa = PBXFileReference; fileEncoding = 4; lastKnownFileType = sourcecode.swift; path = VideoViewModel.swift; sourceTree = "<group>"; };
		85B2298927353D89009E343D /* MusicServiceSingleton.swift */ = {isa = PBXFileReference; lastKnownFileType = sourcecode.swift; path = MusicServiceSingleton.swift; sourceTree = "<group>"; };
		85B2298B27355561009E343D /* LocalWordModel.swift */ = {isa = PBXFileReference; lastKnownFileType = sourcecode.swift; path = LocalWordModel.swift; sourceTree = "<group>"; };
		85B2298E273555EE009E343D /* TrainingView.swift */ = {isa = PBXFileReference; fileEncoding = 4; lastKnownFileType = sourcecode.swift; path = TrainingView.swift; sourceTree = "<group>"; };
		85B2298F273555EE009E343D /* TrainingViewModel.swift */ = {isa = PBXFileReference; fileEncoding = 4; lastKnownFileType = sourcecode.swift; path = TrainingViewModel.swift; sourceTree = "<group>"; };
/* End PBXFileReference section */

/* Begin PBXFrameworksBuildPhase section */
		854734F1273573FC009AFFB1 /* Frameworks */ = {
			isa = PBXFrameworksBuildPhase;
			buildActionMask = 2147483647;
			files = (
				85473512273576A8009AFFB1 /* DynamicColor in Frameworks */,
				8547350E27357516009AFFB1 /* SwiftUIX in Frameworks */,
				854734F9273573FC009AFFB1 /* SwiftUI.framework in Frameworks */,
				854734F7273573FC009AFFB1 /* WidgetKit.framework in Frameworks */,
			);
			runOnlyForDeploymentPostprocessing = 0;
		};
		8547351A27357956009AFFB1 /* Frameworks */ = {
			isa = PBXFrameworksBuildPhase;
			buildActionMask = 2147483647;
			files = (
				8547354927357BCD009AFFB1 /* DynamicColor in Frameworks */,
				8547354527357B1F009AFFB1 /* SwiftUIX in Frameworks */,
			);
			runOnlyForDeploymentPostprocessing = 0;
		};
		85B228F22735091C009E343D /* Frameworks */ = {
			isa = PBXFrameworksBuildPhase;
			buildActionMask = 2147483647;
			files = (
				85B2294627350A5D009E343D /* Regex in Frameworks */,
				85B2294C27350A91009E343D /* Introspect in Frameworks */,
				85B2294327350A49009E343D /* SDWebImageSwiftUI in Frameworks */,
				85B2293727350A18009E343D /* SwiftyJSON in Frameworks */,
				85B2294027350A3A009E343D /* PureSwiftUI in Frameworks */,
				85B22929273509E5009E343D /* Alamofire in Frameworks */,
				85B2294927350A78009E343D /* SwipeCell in Frameworks */,
				85B2292F27350A01009E343D /* MediaCore in Frameworks */,
				85B2293D27350A2D009E343D /* SwiftUIX in Frameworks */,
				85B2293A27350A23009E343D /* DynamicColor in Frameworks */,
				85B2293427350A0A009E343D /* SwiftUIFlowLayout in Frameworks */,
				85B2292C273509F3009E343D /* AlamofireNetworkActivityLogger in Frameworks */,
				85B2293127350A01009E343D /* MediaSwiftUI in Frameworks */,
			);
			runOnlyForDeploymentPostprocessing = 0;
		};
		85B229072735091E009E343D /* Frameworks */ = {
			isa = PBXFrameworksBuildPhase;
			buildActionMask = 2147483647;
			files = (
			);
			runOnlyForDeploymentPostprocessing = 0;
		};
		85B229112735091E009E343D /* Frameworks */ = {
			isa = PBXFrameworksBuildPhase;
			buildActionMask = 2147483647;
			files = (
			);
			runOnlyForDeploymentPostprocessing = 0;
		};
/* End PBXFrameworksBuildPhase section */

/* Begin PBXGroup section */
		854734E527355C25009AFFB1 /* Questions */ = {
			isa = PBXGroup;
			children = (
				854734E627355C44009AFFB1 /* QuestionsView.swift */,
				854734E727355C44009AFFB1 /* QuestionsViewModel.swift */,
			);
			path = Questions;
			sourceTree = "<group>";
		};
		854734EA2735685F009AFFB1 /* Finish */ = {
			isa = PBXGroup;
			children = (
				854734EC27356D8D009AFFB1 /* FinishView.swift */,
				854734EB27356D8D009AFFB1 /* FinishViewModel.swift */,
			);
			path = Finish;
			sourceTree = "<group>";
		};
		854734F5273573FC009AFFB1 /* Frameworks */ = {
			isa = PBXGroup;
			children = (
				854734F6273573FC009AFFB1 /* WidgetKit.framework */,
				854734F8273573FC009AFFB1 /* SwiftUI.framework */,
			);
			name = Frameworks;
			sourceTree = "<group>";
		};
		854734FA273573FC009AFFB1 /* CoolWidget */ = {
			isa = PBXGroup;
			children = (
				854734FB273573FC009AFFB1 /* CoolWidget.swift */,
				854734FD273573FF009AFFB1 /* Assets.xcassets */,
				854734FF273573FF009AFFB1 /* Info.plist */,
			);
			path = CoolWidget;
			sourceTree = "<group>";
		};
		8547351627357954009AFFB1 /* CoolWatch */ = {
			isa = PBXGroup;
			children = (
				8547355327358023009AFFB1 /* CoolWatch.entitlements */,
				8547351727357956009AFFB1 /* Assets.xcassets */,
			);
			path = CoolWatch;
			sourceTree = "<group>";
		};
		8547352127357956009AFFB1 /* CoolWatch WatchKit Extension */ = {
			isa = PBXGroup;
			children = (
				8547353F273579CA009AFFB1 /* Screens */,
				8547353E2735795F009AFFB1 /* CoolWatch WatchKit Extension.entitlements */,
				8547352227357956009AFFB1 /* WordsFactoryApp.swift */,
				8547352427357956009AFFB1 /* ContentView.swift */,
				8547352627357956009AFFB1 /* NotificationController.swift */,
				8547352827357956009AFFB1 /* NotificationView.swift */,
				8547352A27357956009AFFB1 /* ComplicationController.swift */,
				8547352C27357957009AFFB1 /* Assets.xcassets */,
				8547353127357957009AFFB1 /* Info.plist */,
				8547353227357957009AFFB1 /* PushNotificationPayload.apns */,
				8547352E27357957009AFFB1 /* Preview Content */,
			);
			path = "CoolWatch WatchKit Extension";
			sourceTree = "<group>";
		};
		8547352E27357957009AFFB1 /* Preview Content */ = {
			isa = PBXGroup;
			children = (
				8547352F27357957009AFFB1 /* Preview Assets.xcassets */,
			);
			path = "Preview Content";
			sourceTree = "<group>";
		};
		8547353F273579CA009AFFB1 /* Screens */ = {
			isa = PBXGroup;
			children = (
				8547354E27357D2A009AFFB1 /* Questions */,
				8547354D27357D22009AFFB1 /* Start */,
			);
			path = Screens;
			sourceTree = "<group>";
		};
		8547354D27357D22009AFFB1 /* Start */ = {
			isa = PBXGroup;
			children = (
				85473540273579E8009AFFB1 /* StartView.swift */,
				85473542273579EF009AFFB1 /* StartViewModel.swift */,
			);
			path = Start;
			sourceTree = "<group>";
		};
		8547354E27357D2A009AFFB1 /* Questions */ = {
			isa = PBXGroup;
			children = (
				8547354F27357D4C009AFFB1 /* QuestionsView.swift */,
				8547355027357D4C009AFFB1 /* QuestionsViewModel.swift */,
			);
			path = Questions;
			sourceTree = "<group>";
		};
		85B228EC2735091C009E343D = {
			isa = PBXGroup;
			children = (
				8547350727357406009AFFB1 /* CoolWidgetExtension.entitlements */,
				85B2297D273530A0009E343D /* README.md */,
				85B228F72735091C009E343D /* WordsFactory */,
				85B2290D2735091E009E343D /* WordsFactoryTests */,
				85B229172735091E009E343D /* WordsFactoryUITests */,
				854734FA273573FC009AFFB1 /* CoolWidget */,
				8547351627357954009AFFB1 /* CoolWatch */,
				8547352127357956009AFFB1 /* CoolWatch WatchKit Extension */,
				854734F5273573FC009AFFB1 /* Frameworks */,
				85B228F62735091C009E343D /* Products */,
			);
			sourceTree = "<group>";
		};
		85B228F62735091C009E343D /* Products */ = {
			isa = PBXGroup;
			children = (
				85B228F52735091C009E343D /* WordsFactory.app */,
				85B2290A2735091E009E343D /* WordsFactoryTests.xctest */,
				85B229142735091E009E343D /* WordsFactoryUITests.xctest */,
				854734F4273573FC009AFFB1 /* CoolWidgetExtension.appex */,
				8547351527357954009AFFB1 /* CoolWatch.app */,
				8547351D27357956009AFFB1 /* CoolWatch WatchKit Extension.appex */,
			);
			name = Products;
			sourceTree = "<group>";
		};
		85B228F72735091C009E343D /* WordsFactory */ = {
			isa = PBXGroup;
			children = (
				854734EF273573D9009AFFB1 /* WordsFactory.entitlements */,
				85B2295B2735142F009E343D /* Common */,
				85B2295A27351410009E343D /* Info.plist */,
				85B2294E273513D7009E343D /* Screens */,
				85B2294D2735119C009E343D /* fonts */,
				85B228F82735091C009E343D /* WordsFactoryApp.swift */,
				85B228FA2735091C009E343D /* ContentView.swift */,
				85B228FC2735091E009E343D /* Assets.xcassets */,
				85B229012735091E009E343D /* Persistence.swift */,
				85B229032735091E009E343D /* WordsFactory.xcdatamodeld */,
				85B228FE2735091E009E343D /* Preview Content */,
				85B2295E273514C2009E343D /* Launch Screen.storyboard */,
			);
			path = WordsFactory;
			sourceTree = "<group>";
		};
		85B228FE2735091E009E343D /* Preview Content */ = {
			isa = PBXGroup;
			children = (
				85B228FF2735091E009E343D /* Preview Assets.xcassets */,
			);
			path = "Preview Content";
			sourceTree = "<group>";
		};
		85B2290D2735091E009E343D /* WordsFactoryTests */ = {
			isa = PBXGroup;
			children = (
				85B2290E2735091E009E343D /* WordsFactoryTests.swift */,
			);
			path = WordsFactoryTests;
			sourceTree = "<group>";
		};
		85B229172735091E009E343D /* WordsFactoryUITests */ = {
			isa = PBXGroup;
			children = (
				85B229182735091E009E343D /* WordsFactoryUITests.swift */,
				85B2291A2735091E009E343D /* WordsFactoryUITestsLaunchTests.swift */,
			);
			path = WordsFactoryUITests;
			sourceTree = "<group>";
		};
		85B2294D2735119C009E343D /* fonts */ = {
			isa = PBXGroup;
			children = (
				85B2295527351400009E343D /* Rubik-Bold.ttf */,
				85B2295427351400009E343D /* Rubik-Medium.ttf */,
				85B2295627351400009E343D /* Rubik-Regular.ttf */,
			);
			path = fonts;
			sourceTree = "<group>";
		};
		85B2294E273513D7009E343D /* Screens */ = {
			isa = PBXGroup;
			children = (
				854734EA2735685F009AFFB1 /* Finish */,
				85B22964273515D0009E343D /* TabbedView.swift */,
				854734E527355C25009AFFB1 /* Questions */,
				85B2298D273555CE009E343D /* Training */,
				85B2298227353941009E343D /* Video */,
				85B229722735256D009E343D /* Main */,
				85B2296A27351DED009E343D /* Auth */,
				85B2294F273513DD009E343D /* Showcase */,
			);
			path = Screens;
			sourceTree = "<group>";
		};
		85B2294F273513DD009E343D /* Showcase */ = {
			isa = PBXGroup;
			children = (
				85B22950273513EC009E343D /* ShowcaseView.swift */,
				85B22952273513F4009E343D /* ShowcaseViewModel.swift */,
			);
			path = Showcase;
			sourceTree = "<group>";
		};
		85B2295B2735142F009E343D /* Common */ = {
			isa = PBXGroup;
			children = (
				85B2297A27352659009E343D /* Models */,
				85B22977273525CC009E343D /* Service */,
				85B2296F27351E3C009E343D /* View */,
				85B2295C27351438009E343D /* Fonts.swift */,
				85B229602735156F009E343D /* ViewModel.swift */,
				85B2296227351583009E343D /* Notifications.swift */,
				85B22966273518C4009E343D /* Colors.swift */,
				85B2296827351A24009E343D /* BS.swift */,
			);
			path = Common;
			sourceTree = "<group>";
		};
		85B2296A27351DED009E343D /* Auth */ = {
			isa = PBXGroup;
			children = (
				85B2296C27351E0A009E343D /* AuthView.swift */,
				85B2296B27351E0A009E343D /* AuthViewModel.swift */,
			);
			path = Auth;
			sourceTree = "<group>";
		};
		85B2296F27351E3C009E343D /* View */ = {
			isa = PBXGroup;
			children = (
				85B2297027351E47009E343D /* MyTextField.swift */,
				85B2298327353965009E343D /* WebAdapterView.swift */,
			);
			path = View;
			sourceTree = "<group>";
		};
		85B229722735256D009E343D /* Main */ = {
			isa = PBXGroup;
			children = (
				85B229742735259F009E343D /* MainView.swift */,
				85B229732735259F009E343D /* MainViewModel.swift */,
				85B2297E27353253009E343D /* WordInfoView.swift */,
				85B2298027353317009E343D /* DefCardView.swift */,
			);
			path = Main;
			sourceTree = "<group>";
		};
		85B22977273525CC009E343D /* Service */ = {
			isa = PBXGroup;
			children = (
				85B22978273525DC009E343D /* NetworkServiceSingleton.swift */,
				85B2298927353D89009E343D /* MusicServiceSingleton.swift */,
			);
			path = Service;
			sourceTree = "<group>";
		};
		85B2297A27352659009E343D /* Models */ = {
			isa = PBXGroup;
			children = (
				85B2297B27352661009E343D /* WordInfoModel.swift */,
				85B2298B27355561009E343D /* LocalWordModel.swift */,
			);
			path = Models;
			sourceTree = "<group>";
		};
		85B2298227353941009E343D /* Video */ = {
			isa = PBXGroup;
			children = (
				85B2298527353A41009E343D /* VideoView.swift */,
				85B2298627353A41009E343D /* VideoViewModel.swift */,
			);
			path = Video;
			sourceTree = "<group>";
		};
		85B2298D273555CE009E343D /* Training */ = {
			isa = PBXGroup;
			children = (
				85B2298E273555EE009E343D /* TrainingView.swift */,
				85B2298F273555EE009E343D /* TrainingViewModel.swift */,
			);
			path = Training;
			sourceTree = "<group>";
		};
/* End PBXGroup section */

/* Begin PBXNativeTarget section */
		854734F3273573FC009AFFB1 /* CoolWidgetExtension */ = {
			isa = PBXNativeTarget;
			buildConfigurationList = 85473503273573FF009AFFB1 /* Build configuration list for PBXNativeTarget "CoolWidgetExtension" */;
			buildPhases = (
				854734F0273573FC009AFFB1 /* Sources */,
				854734F1273573FC009AFFB1 /* Frameworks */,
				854734F2273573FC009AFFB1 /* Resources */,
			);
			buildRules = (
			);
			dependencies = (
			);
			name = CoolWidgetExtension;
			packageProductDependencies = (
				8547350D27357516009AFFB1 /* SwiftUIX */,
				85473511273576A8009AFFB1 /* DynamicColor */,
			);
			productName = CoolWidgetExtension;
			productReference = 854734F4273573FC009AFFB1 /* CoolWidgetExtension.appex */;
			productType = "com.apple.product-type.app-extension";
		};
		8547351427357954009AFFB1 /* CoolWatch */ = {
			isa = PBXNativeTarget;
			buildConfigurationList = 8547353A27357957009AFFB1 /* Build configuration list for PBXNativeTarget "CoolWatch" */;
			buildPhases = (
				8547351327357954009AFFB1 /* Resources */,
				8547353927357957009AFFB1 /* Embed App Extensions */,
			);
			buildRules = (
			);
			dependencies = (
				8547352027357956009AFFB1 /* PBXTargetDependency */,
			);
			name = CoolWatch;
			productName = CoolWatch;
			productReference = 8547351527357954009AFFB1 /* CoolWatch.app */;
			productType = "com.apple.product-type.application.watchapp2";
		};
		8547351C27357956009AFFB1 /* CoolWatch WatchKit Extension */ = {
			isa = PBXNativeTarget;
			buildConfigurationList = 8547353627357957009AFFB1 /* Build configuration list for PBXNativeTarget "CoolWatch WatchKit Extension" */;
			buildPhases = (
				8547351927357956009AFFB1 /* Sources */,
				8547351A27357956009AFFB1 /* Frameworks */,
				8547351B27357956009AFFB1 /* Resources */,
			);
			buildRules = (
			);
			dependencies = (
			);
			name = "CoolWatch WatchKit Extension";
			packageProductDependencies = (
				8547354427357B1F009AFFB1 /* SwiftUIX */,
				8547354827357BCD009AFFB1 /* DynamicColor */,
			);
			productName = "CoolWatch WatchKit Extension";
			productReference = 8547351D27357956009AFFB1 /* CoolWatch WatchKit Extension.appex */;
			productType = "com.apple.product-type.watchkit2-extension";
		};
		85B228F42735091C009E343D /* WordsFactory */ = {
			isa = PBXNativeTarget;
			buildConfigurationList = 85B2291E2735091E009E343D /* Build configuration list for PBXNativeTarget "WordsFactory" */;
			buildPhases = (
				85B228F12735091C009E343D /* Sources */,
				85B228F22735091C009E343D /* Frameworks */,
				85B228F32735091C009E343D /* Resources */,
				85473506273573FF009AFFB1 /* Embed App Extensions */,
				8547353D27357957009AFFB1 /* Embed Watch Content */,
			);
			buildRules = (
			);
			dependencies = (
				85473501273573FF009AFFB1 /* PBXTargetDependency */,
				8547353427357957009AFFB1 /* PBXTargetDependency */,
			);
			name = WordsFactory;
			packageProductDependencies = (
				85B22928273509E5009E343D /* Alamofire */,
				85B2292B273509F3009E343D /* AlamofireNetworkActivityLogger */,
				85B2292E27350A01009E343D /* MediaCore */,
				85B2293027350A01009E343D /* MediaSwiftUI */,
				85B2293327350A0A009E343D /* SwiftUIFlowLayout */,
				85B2293627350A18009E343D /* SwiftyJSON */,
				85B2293927350A23009E343D /* DynamicColor */,
				85B2293C27350A2D009E343D /* SwiftUIX */,
				85B2293F27350A3A009E343D /* PureSwiftUI */,
				85B2294227350A49009E343D /* SDWebImageSwiftUI */,
				85B2294527350A5D009E343D /* Regex */,
				85B2294827350A78009E343D /* SwipeCell */,
				85B2294B27350A91009E343D /* Introspect */,
			);
			productName = WordsFactory;
			productReference = 85B228F52735091C009E343D /* WordsFactory.app */;
			productType = "com.apple.product-type.application";
		};
		85B229092735091E009E343D /* WordsFactoryTests */ = {
			isa = PBXNativeTarget;
			buildConfigurationList = 85B229212735091E009E343D /* Build configuration list for PBXNativeTarget "WordsFactoryTests" */;
			buildPhases = (
				85B229062735091E009E343D /* Sources */,
				85B229072735091E009E343D /* Frameworks */,
				85B229082735091E009E343D /* Resources */,
			);
			buildRules = (
			);
			dependencies = (
				85B2290C2735091E009E343D /* PBXTargetDependency */,
			);
			name = WordsFactoryTests;
			productName = WordsFactoryTests;
			productReference = 85B2290A2735091E009E343D /* WordsFactoryTests.xctest */;
			productType = "com.apple.product-type.bundle.unit-test";
		};
		85B229132735091E009E343D /* WordsFactoryUITests */ = {
			isa = PBXNativeTarget;
			buildConfigurationList = 85B229242735091E009E343D /* Build configuration list for PBXNativeTarget "WordsFactoryUITests" */;
			buildPhases = (
				85B229102735091E009E343D /* Sources */,
				85B229112735091E009E343D /* Frameworks */,
				85B229122735091E009E343D /* Resources */,
			);
			buildRules = (
			);
			dependencies = (
				85B229162735091E009E343D /* PBXTargetDependency */,
			);
			name = WordsFactoryUITests;
			productName = WordsFactoryUITests;
			productReference = 85B229142735091E009E343D /* WordsFactoryUITests.xctest */;
			productType = "com.apple.product-type.bundle.ui-testing";
		};
/* End PBXNativeTarget section */

/* Begin PBXProject section */
		85B228ED2735091C009E343D /* Project object */ = {
			isa = PBXProject;
			attributes = {
				BuildIndependentTargetsInParallel = 1;
				LastSwiftUpdateCheck = 1300;
				LastUpgradeCheck = 1300;
				TargetAttributes = {
					854734F3273573FC009AFFB1 = {
						CreatedOnToolsVersion = 13.0;
					};
					8547351427357954009AFFB1 = {
						CreatedOnToolsVersion = 13.0;
					};
					8547351C27357956009AFFB1 = {
						CreatedOnToolsVersion = 13.0;
					};
					85B228F42735091C009E343D = {
						CreatedOnToolsVersion = 13.0;
					};
					85B229092735091E009E343D = {
						CreatedOnToolsVersion = 13.0;
						TestTargetID = 85B228F42735091C009E343D;
					};
					85B229132735091E009E343D = {
						CreatedOnToolsVersion = 13.0;
						TestTargetID = 85B228F42735091C009E343D;
					};
				};
			};
			buildConfigurationList = 85B228F02735091C009E343D /* Build configuration list for PBXProject "WordsFactory" */;
			compatibilityVersion = "Xcode 13.0";
			developmentRegion = en;
			hasScannedForEncodings = 0;
			knownRegions = (
				en,
				Base,
			);
			mainGroup = 85B228EC2735091C009E343D;
			packageReferences = (
				85B22927273509E5009E343D /* XCRemoteSwiftPackageReference "Alamofire" */,
				85B2292A273509F3009E343D /* XCRemoteSwiftPackageReference "AlamofireNetworkActivityLogger" */,
				85B2292D27350A01009E343D /* XCRemoteSwiftPackageReference "Media" */,
				85B2293227350A0A009E343D /* XCRemoteSwiftPackageReference "swiftui-flow-layout" */,
				85B2293527350A18009E343D /* XCRemoteSwiftPackageReference "SwiftyJSON" */,
				85B2293827350A23009E343D /* XCRemoteSwiftPackageReference "DynamicColor" */,
				85B2293B27350A2D009E343D /* XCRemoteSwiftPackageReference "SwiftUIX" */,
				85B2293E27350A3A009E343D /* XCRemoteSwiftPackageReference "pure-swift-ui" */,
				85B2294127350A49009E343D /* XCRemoteSwiftPackageReference "SDWebImageSwiftUI" */,
				85B2294427350A5D009E343D /* XCRemoteSwiftPackageReference "Regex" */,
				85B2294727350A78009E343D /* XCRemoteSwiftPackageReference "SwipeCell" */,
				85B2294A27350A91009E343D /* XCRemoteSwiftPackageReference "SwiftUI-Introspect" */,
			);
			productRefGroup = 85B228F62735091C009E343D /* Products */;
			projectDirPath = "";
			projectRoot = "";
			targets = (
				85B228F42735091C009E343D /* WordsFactory */,
				85B229092735091E009E343D /* WordsFactoryTests */,
				85B229132735091E009E343D /* WordsFactoryUITests */,
				854734F3273573FC009AFFB1 /* CoolWidgetExtension */,
				8547351427357954009AFFB1 /* CoolWatch */,
				8547351C27357956009AFFB1 /* CoolWatch WatchKit Extension */,
			);
		};
/* End PBXProject section */

/* Begin PBXResourcesBuildPhase section */
		854734F2273573FC009AFFB1 /* Resources */ = {
			isa = PBXResourcesBuildPhase;
			buildActionMask = 2147483647;
			files = (
				854734FE273573FF009AFFB1 /* Assets.xcassets in Resources */,
				8547350927357480009AFFB1 /* Rubik-Bold.ttf in Resources */,
				8547350827357480009AFFB1 /* Rubik-Regular.ttf in Resources */,
				8547350A27357480009AFFB1 /* Rubik-Medium.ttf in Resources */,
			);
			runOnlyForDeploymentPostprocessing = 0;
		};
		8547351327357954009AFFB1 /* Resources */ = {
			isa = PBXResourcesBuildPhase;
			buildActionMask = 2147483647;
			files = (
				8547351827357956009AFFB1 /* Assets.xcassets in Resources */,
			);
			runOnlyForDeploymentPostprocessing = 0;
		};
		8547351B27357956009AFFB1 /* Resources */ = {
			isa = PBXResourcesBuildPhase;
			buildActionMask = 2147483647;
			files = (
				8547353027357957009AFFB1 /* Preview Assets.xcassets in Resources */,
				8547352D27357957009AFFB1 /* Assets.xcassets in Resources */,
			);
			runOnlyForDeploymentPostprocessing = 0;
		};
		85B228F32735091C009E343D /* Resources */ = {
			isa = PBXResourcesBuildPhase;
			buildActionMask = 2147483647;
			files = (
				85B2295F273514C2009E343D /* Launch Screen.storyboard in Resources */,
				85B2295727351400009E343D /* Rubik-Medium.ttf in Resources */,
				85B2295827351400009E343D /* Rubik-Bold.ttf in Resources */,
				85B229002735091E009E343D /* Preview Assets.xcassets in Resources */,
				85B2295927351400009E343D /* Rubik-Regular.ttf in Resources */,
				85B228FD2735091E009E343D /* Assets.xcassets in Resources */,
			);
			runOnlyForDeploymentPostprocessing = 0;
		};
		85B229082735091E009E343D /* Resources */ = {
			isa = PBXResourcesBuildPhase;
			buildActionMask = 2147483647;
			files = (
			);
			runOnlyForDeploymentPostprocessing = 0;
		};
		85B229122735091E009E343D /* Resources */ = {
			isa = PBXResourcesBuildPhase;
			buildActionMask = 2147483647;
			files = (
			);
			runOnlyForDeploymentPostprocessing = 0;
		};
/* End PBXResourcesBuildPhase section */

/* Begin PBXSourcesBuildPhase section */
		854734F0273573FC009AFFB1 /* Sources */ = {
			isa = PBXSourcesBuildPhase;
			buildActionMask = 2147483647;
			files = (
				8547350B27357489009AFFB1 /* Fonts.swift in Sources */,
				8547354A27357BE5009AFFB1 /* StartViewModel.swift in Sources */,
				8547350C273574F1009AFFB1 /* Colors.swift in Sources */,
				8547351027357694009AFFB1 /* WordInfoModel.swift in Sources */,
				854734FC273573FC009AFFB1 /* CoolWidget.swift in Sources */,
				8547350F2735763D009AFFB1 /* LocalWordModel.swift in Sources */,
			);
			runOnlyForDeploymentPostprocessing = 0;
		};
		8547351927357956009AFFB1 /* Sources */ = {
			isa = PBXSourcesBuildPhase;
			buildActionMask = 2147483647;
			files = (
				8547354627357B97009AFFB1 /* Fonts.swift in Sources */,
				8547354727357BA5009AFFB1 /* Colors.swift in Sources */,
				85473543273579EF009AFFB1 /* StartViewModel.swift in Sources */,
				8547352727357956009AFFB1 /* NotificationController.swift in Sources */,
				8547352527357956009AFFB1 /* ContentView.swift in Sources */,
				8547352B27357956009AFFB1 /* ComplicationController.swift in Sources */,
				8547354C27357C03009AFFB1 /* LocalWordModel.swift in Sources */,
				85473541273579E8009AFFB1 /* StartView.swift in Sources */,
				8547355127357D4C009AFFB1 /* QuestionsView.swift in Sources */,
				8547354B27357BF1009AFFB1 /* WordInfoModel.swift in Sources */,
				8547352327357956009AFFB1 /* WordsFactoryApp.swift in Sources */,
				8547352927357956009AFFB1 /* NotificationView.swift in Sources */,
				8547355227357D4C009AFFB1 /* QuestionsViewModel.swift in Sources */,
			);
			runOnlyForDeploymentPostprocessing = 0;
		};
		85B228F12735091C009E343D /* Sources */ = {
			isa = PBXSourcesBuildPhase;
			buildActionMask = 2147483647;
			files = (
				85B22979273525DC009E343D /* NetworkServiceSingleton.swift in Sources */,
				85B2297127351E47009E343D /* MyTextField.swift in Sources */,
				85B2296E27351E0A009E343D /* AuthView.swift in Sources */,
				85B2295D27351438009E343D /* Fonts.swift in Sources */,
				85B22990273555EE009E343D /* TrainingView.swift in Sources */,
				85B22967273518C4009E343D /* Colors.swift in Sources */,
				85B2297C27352661009E343D /* WordInfoModel.swift in Sources */,
				854734EE27356D8D009AFFB1 /* FinishView.swift in Sources */,
				85B2298727353A41009E343D /* VideoView.swift in Sources */,
				85B229052735091E009E343D /* WordsFactory.xcdatamodeld in Sources */,
				85B229022735091E009E343D /* Persistence.swift in Sources */,
				85B2297F27353253009E343D /* WordInfoView.swift in Sources */,
				85B2298827353A41009E343D /* VideoViewModel.swift in Sources */,
				85B2298C27355561009E343D /* LocalWordModel.swift in Sources */,
				85B2296327351583009E343D /* Notifications.swift in Sources */,
				85B228FB2735091C009E343D /* ContentView.swift in Sources */,
				85B22951273513EC009E343D /* ShowcaseView.swift in Sources */,
				854734E827355C44009AFFB1 /* QuestionsView.swift in Sources */,
				85B22965273515D0009E343D /* TabbedView.swift in Sources */,
				85B2296927351A24009E343D /* BS.swift in Sources */,
				85B229762735259F009E343D /* MainView.swift in Sources */,
				85B2298427353965009E343D /* WebAdapterView.swift in Sources */,
				85B228F92735091C009E343D /* WordsFactoryApp.swift in Sources */,
				85B229612735156F009E343D /* ViewModel.swift in Sources */,
				85B22991273555EE009E343D /* TrainingViewModel.swift in Sources */,
				85B2298A27353D89009E343D /* MusicServiceSingleton.swift in Sources */,
				85B2296D27351E0A009E343D /* AuthViewModel.swift in Sources */,
				854734E927355C44009AFFB1 /* QuestionsViewModel.swift in Sources */,
				85B2298127353317009E343D /* DefCardView.swift in Sources */,
				85B22953273513F4009E343D /* ShowcaseViewModel.swift in Sources */,
				854734ED27356D8D009AFFB1 /* FinishViewModel.swift in Sources */,
				85B229752735259F009E343D /* MainViewModel.swift in Sources */,
			);
			runOnlyForDeploymentPostprocessing = 0;
		};
		85B229062735091E009E343D /* Sources */ = {
			isa = PBXSourcesBuildPhase;
			buildActionMask = 2147483647;
			files = (
				85B2290F2735091E009E343D /* WordsFactoryTests.swift in Sources */,
			);
			runOnlyForDeploymentPostprocessing = 0;
		};
		85B229102735091E009E343D /* Sources */ = {
			isa = PBXSourcesBuildPhase;
			buildActionMask = 2147483647;
			files = (
				85B229192735091E009E343D /* WordsFactoryUITests.swift in Sources */,
				85B2291B2735091E009E343D /* WordsFactoryUITestsLaunchTests.swift in Sources */,
			);
			runOnlyForDeploymentPostprocessing = 0;
		};
/* End PBXSourcesBuildPhase section */

/* Begin PBXTargetDependency section */
		85473501273573FF009AFFB1 /* PBXTargetDependency */ = {
			isa = PBXTargetDependency;
			target = 854734F3273573FC009AFFB1 /* CoolWidgetExtension */;
			targetProxy = 85473500273573FF009AFFB1 /* PBXContainerItemProxy */;
		};
		8547352027357956009AFFB1 /* PBXTargetDependency */ = {
			isa = PBXTargetDependency;
			target = 8547351C27357956009AFFB1 /* CoolWatch WatchKit Extension */;
			targetProxy = 8547351F27357956009AFFB1 /* PBXContainerItemProxy */;
		};
		8547353427357957009AFFB1 /* PBXTargetDependency */ = {
			isa = PBXTargetDependency;
			target = 8547351427357954009AFFB1 /* CoolWatch */;
			targetProxy = 8547353327357957009AFFB1 /* PBXContainerItemProxy */;
		};
		85B2290C2735091E009E343D /* PBXTargetDependency */ = {
			isa = PBXTargetDependency;
			target = 85B228F42735091C009E343D /* WordsFactory */;
			targetProxy = 85B2290B2735091E009E343D /* PBXContainerItemProxy */;
		};
		85B229162735091E009E343D /* PBXTargetDependency */ = {
			isa = PBXTargetDependency;
			target = 85B228F42735091C009E343D /* WordsFactory */;
			targetProxy = 85B229152735091E009E343D /* PBXContainerItemProxy */;
		};
/* End PBXTargetDependency section */

/* Begin XCBuildConfiguration section */
		85473504273573FF009AFFB1 /* Debug */ = {
			isa = XCBuildConfiguration;
			buildSettings = {
				ASSETCATALOG_COMPILER_GLOBAL_ACCENT_COLOR_NAME = AccentColor;
				ASSETCATALOG_COMPILER_WIDGET_BACKGROUND_COLOR_NAME = WidgetBackground;
				CODE_SIGN_ENTITLEMENTS = CoolWidgetExtension.entitlements;
				CODE_SIGN_STYLE = Automatic;
				CURRENT_PROJECT_VERSION = 1;
				DEVELOPMENT_TEAM = 99C2LB4W93;
				GENERATE_INFOPLIST_FILE = YES;
				INFOPLIST_FILE = CoolWidget/Info.plist;
				INFOPLIST_KEY_CFBundleDisplayName = CoolWidget;
				INFOPLIST_KEY_NSHumanReadableCopyright = "";
				LD_RUNPATH_SEARCH_PATHS = (
					"$(inherited)",
					"@executable_path/Frameworks",
					"@executable_path/../../Frameworks",
				);
				MARKETING_VERSION = 1.0;
				PRODUCT_BUNDLE_IDENTIFIER = ru.coolone.WordsFactory.CoolWidget;
				PRODUCT_NAME = "$(TARGET_NAME)";
				SKIP_INSTALL = YES;
				SWIFT_EMIT_LOC_STRINGS = YES;
				SWIFT_VERSION = 5.0;
				TARGETED_DEVICE_FAMILY = "1,2";
			};
			name = Debug;
		};
		85473505273573FF009AFFB1 /* Release */ = {
			isa = XCBuildConfiguration;
			buildSettings = {
				ASSETCATALOG_COMPILER_GLOBAL_ACCENT_COLOR_NAME = AccentColor;
				ASSETCATALOG_COMPILER_WIDGET_BACKGROUND_COLOR_NAME = WidgetBackground;
				CODE_SIGN_ENTITLEMENTS = CoolWidgetExtension.entitlements;
				CODE_SIGN_STYLE = Automatic;
				CURRENT_PROJECT_VERSION = 1;
				DEVELOPMENT_TEAM = 99C2LB4W93;
				GENERATE_INFOPLIST_FILE = YES;
				INFOPLIST_FILE = CoolWidget/Info.plist;
				INFOPLIST_KEY_CFBundleDisplayName = CoolWidget;
				INFOPLIST_KEY_NSHumanReadableCopyright = "";
				LD_RUNPATH_SEARCH_PATHS = (
					"$(inherited)",
					"@executable_path/Frameworks",
					"@executable_path/../../Frameworks",
				);
				MARKETING_VERSION = 1.0;
				PRODUCT_BUNDLE_IDENTIFIER = ru.coolone.WordsFactory.CoolWidget;
				PRODUCT_NAME = "$(TARGET_NAME)";
				SKIP_INSTALL = YES;
				SWIFT_EMIT_LOC_STRINGS = YES;
				SWIFT_VERSION = 5.0;
				TARGETED_DEVICE_FAMILY = "1,2";
			};
			name = Release;
		};
		8547353727357957009AFFB1 /* Debug */ = {
			isa = XCBuildConfiguration;
			buildSettings = {
				ASSETCATALOG_COMPILER_COMPLICATION_NAME = Complication;
				CODE_SIGN_ENTITLEMENTS = "CoolWatch WatchKit Extension/CoolWatch WatchKit Extension.entitlements";
				CODE_SIGN_STYLE = Automatic;
				CURRENT_PROJECT_VERSION = 1;
				DEVELOPMENT_ASSET_PATHS = "\"CoolWatch WatchKit Extension/Preview Content\"";
				DEVELOPMENT_TEAM = 99C2LB4W93;
				ENABLE_PREVIEWS = YES;
				GENERATE_INFOPLIST_FILE = YES;
				INFOPLIST_FILE = "CoolWatch WatchKit Extension/Info.plist";
				INFOPLIST_KEY_CFBundleDisplayName = "CoolWatch WatchKit Extension";
				INFOPLIST_KEY_CLKComplicationPrincipalClass = "$(PRODUCT_MODULE_NAME).ComplicationController";
				INFOPLIST_KEY_NSHumanReadableCopyright = "";
				LD_RUNPATH_SEARCH_PATHS = (
					"$(inherited)",
					"@executable_path/Frameworks",
					"@executable_path/../../Frameworks",
				);
				MARKETING_VERSION = 1.0;
				PRODUCT_BUNDLE_IDENTIFIER = ru.coolone.WordsFactory.watchkitapp.watchkitextension;
				PRODUCT_NAME = "${TARGET_NAME}";
				SDKROOT = watchos;
				SKIP_INSTALL = YES;
				SWIFT_EMIT_LOC_STRINGS = YES;
				SWIFT_VERSION = 5.0;
				TARGETED_DEVICE_FAMILY = 4;
				WATCHOS_DEPLOYMENT_TARGET = 8.0;
			};
			name = Debug;
		};
		8547353827357957009AFFB1 /* Release */ = {
			isa = XCBuildConfiguration;
			buildSettings = {
				ASSETCATALOG_COMPILER_COMPLICATION_NAME = Complication;
				CODE_SIGN_ENTITLEMENTS = "CoolWatch WatchKit Extension/CoolWatch WatchKit Extension.entitlements";
				CODE_SIGN_STYLE = Automatic;
				CURRENT_PROJECT_VERSION = 1;
				DEVELOPMENT_ASSET_PATHS = "\"CoolWatch WatchKit Extension/Preview Content\"";
				DEVELOPMENT_TEAM = 99C2LB4W93;
				ENABLE_PREVIEWS = YES;
				GENERATE_INFOPLIST_FILE = YES;
				INFOPLIST_FILE = "CoolWatch WatchKit Extension/Info.plist";
				INFOPLIST_KEY_CFBundleDisplayName = "CoolWatch WatchKit Extension";
				INFOPLIST_KEY_CLKComplicationPrincipalClass = "$(PRODUCT_MODULE_NAME).ComplicationController";
				INFOPLIST_KEY_NSHumanReadableCopyright = "";
				LD_RUNPATH_SEARCH_PATHS = (
					"$(inherited)",
					"@executable_path/Frameworks",
					"@executable_path/../../Frameworks",
				);
				MARKETING_VERSION = 1.0;
				PRODUCT_BUNDLE_IDENTIFIER = ru.coolone.WordsFactory.watchkitapp.watchkitextension;
				PRODUCT_NAME = "${TARGET_NAME}";
				SDKROOT = watchos;
				SKIP_INSTALL = YES;
				SWIFT_EMIT_LOC_STRINGS = YES;
				SWIFT_VERSION = 5.0;
				TARGETED_DEVICE_FAMILY = 4;
				WATCHOS_DEPLOYMENT_TARGET = 8.0;
			};
			name = Release;
		};
		8547353B27357957009AFFB1 /* Debug */ = {
			isa = XCBuildConfiguration;
			buildSettings = {
				ALWAYS_EMBED_SWIFT_STANDARD_LIBRARIES = YES;
				ASSETCATALOG_COMPILER_APPICON_NAME = AppIcon;
				ASSETCATALOG_COMPILER_GLOBAL_ACCENT_COLOR_NAME = AccentColor;
				CODE_SIGN_ENTITLEMENTS = CoolWatch/CoolWatch.entitlements;
				CODE_SIGN_STYLE = Automatic;
				CURRENT_PROJECT_VERSION = 1;
				DEVELOPMENT_TEAM = 99C2LB4W93;
				GENERATE_INFOPLIST_FILE = YES;
				IBSC_MODULE = CoolWatch_WatchKit_Extension;
				INFOPLIST_KEY_CFBundleDisplayName = CoolWatch;
				INFOPLIST_KEY_UISupportedInterfaceOrientations = "UIInterfaceOrientationPortrait UIInterfaceOrientationPortraitUpsideDown";
				INFOPLIST_KEY_WKCompanionAppBundleIdentifier = ru.coolone.WordsFactory;
				MARKETING_VERSION = 1.0;
				PRODUCT_BUNDLE_IDENTIFIER = ru.coolone.WordsFactory.watchkitapp;
				PRODUCT_NAME = "$(TARGET_NAME)";
				SDKROOT = watchos;
				SKIP_INSTALL = YES;
				SWIFT_EMIT_LOC_STRINGS = YES;
				SWIFT_VERSION = 5.0;
				TARGETED_DEVICE_FAMILY = 4;
				WATCHOS_DEPLOYMENT_TARGET = 8.0;
			};
			name = Debug;
		};
		8547353C27357957009AFFB1 /* Release */ = {
			isa = XCBuildConfiguration;
			buildSettings = {
				ALWAYS_EMBED_SWIFT_STANDARD_LIBRARIES = YES;
				ASSETCATALOG_COMPILER_APPICON_NAME = AppIcon;
				ASSETCATALOG_COMPILER_GLOBAL_ACCENT_COLOR_NAME = AccentColor;
				CODE_SIGN_ENTITLEMENTS = CoolWatch/CoolWatch.entitlements;
				CODE_SIGN_STYLE = Automatic;
				CURRENT_PROJECT_VERSION = 1;
				DEVELOPMENT_TEAM = 99C2LB4W93;
				GENERATE_INFOPLIST_FILE = YES;
				IBSC_MODULE = CoolWatch_WatchKit_Extension;
				INFOPLIST_KEY_CFBundleDisplayName = CoolWatch;
				INFOPLIST_KEY_UISupportedInterfaceOrientations = "UIInterfaceOrientationPortrait UIInterfaceOrientationPortraitUpsideDown";
				INFOPLIST_KEY_WKCompanionAppBundleIdentifier = ru.coolone.WordsFactory;
				MARKETING_VERSION = 1.0;
				PRODUCT_BUNDLE_IDENTIFIER = ru.coolone.WordsFactory.watchkitapp;
				PRODUCT_NAME = "$(TARGET_NAME)";
				SDKROOT = watchos;
				SKIP_INSTALL = YES;
				SWIFT_EMIT_LOC_STRINGS = YES;
				SWIFT_VERSION = 5.0;
				TARGETED_DEVICE_FAMILY = 4;
				WATCHOS_DEPLOYMENT_TARGET = 8.0;
			};
			name = Release;
		};
		85B2291C2735091E009E343D /* Debug */ = {
			isa = XCBuildConfiguration;
			buildSettings = {
				ALWAYS_SEARCH_USER_PATHS = NO;
				CLANG_ANALYZER_NONNULL = YES;
				CLANG_ANALYZER_NUMBER_OBJECT_CONVERSION = YES_AGGRESSIVE;
				CLANG_CXX_LANGUAGE_STANDARD = "gnu++17";
				CLANG_CXX_LIBRARY = "libc++";
				CLANG_ENABLE_MODULES = YES;
				CLANG_ENABLE_OBJC_ARC = YES;
				CLANG_ENABLE_OBJC_WEAK = YES;
				CLANG_WARN_BLOCK_CAPTURE_AUTORELEASING = YES;
				CLANG_WARN_BOOL_CONVERSION = YES;
				CLANG_WARN_COMMA = YES;
				CLANG_WARN_CONSTANT_CONVERSION = YES;
				CLANG_WARN_DEPRECATED_OBJC_IMPLEMENTATIONS = YES;
				CLANG_WARN_DIRECT_OBJC_ISA_USAGE = YES_ERROR;
				CLANG_WARN_DOCUMENTATION_COMMENTS = YES;
				CLANG_WARN_EMPTY_BODY = YES;
				CLANG_WARN_ENUM_CONVERSION = YES;
				CLANG_WARN_INFINITE_RECURSION = YES;
				CLANG_WARN_INT_CONVERSION = YES;
				CLANG_WARN_NON_LITERAL_NULL_CONVERSION = YES;
				CLANG_WARN_OBJC_IMPLICIT_RETAIN_SELF = YES;
				CLANG_WARN_OBJC_LITERAL_CONVERSION = YES;
				CLANG_WARN_OBJC_ROOT_CLASS = YES_ERROR;
				CLANG_WARN_QUOTED_INCLUDE_IN_FRAMEWORK_HEADER = YES;
				CLANG_WARN_RANGE_LOOP_ANALYSIS = YES;
				CLANG_WARN_STRICT_PROTOTYPES = YES;
				CLANG_WARN_SUSPICIOUS_MOVE = YES;
				CLANG_WARN_UNGUARDED_AVAILABILITY = YES_AGGRESSIVE;
				CLANG_WARN_UNREACHABLE_CODE = YES;
				CLANG_WARN__DUPLICATE_METHOD_MATCH = YES;
				COPY_PHASE_STRIP = NO;
				DEBUG_INFORMATION_FORMAT = dwarf;
				ENABLE_STRICT_OBJC_MSGSEND = YES;
				ENABLE_TESTABILITY = YES;
				GCC_C_LANGUAGE_STANDARD = gnu11;
				GCC_DYNAMIC_NO_PIC = NO;
				GCC_NO_COMMON_BLOCKS = YES;
				GCC_OPTIMIZATION_LEVEL = 0;
				GCC_PREPROCESSOR_DEFINITIONS = (
					"DEBUG=1",
					"$(inherited)",
				);
				GCC_WARN_64_TO_32_BIT_CONVERSION = YES;
				GCC_WARN_ABOUT_RETURN_TYPE = YES_ERROR;
				GCC_WARN_UNDECLARED_SELECTOR = YES;
				GCC_WARN_UNINITIALIZED_AUTOS = YES_AGGRESSIVE;
				GCC_WARN_UNUSED_FUNCTION = YES;
				GCC_WARN_UNUSED_VARIABLE = YES;
				IPHONEOS_DEPLOYMENT_TARGET = 15.0;
				MTL_ENABLE_DEBUG_INFO = INCLUDE_SOURCE;
				MTL_FAST_MATH = YES;
				ONLY_ACTIVE_ARCH = YES;
				SDKROOT = iphoneos;
				SWIFT_ACTIVE_COMPILATION_CONDITIONS = DEBUG;
				SWIFT_OPTIMIZATION_LEVEL = "-Onone";
			};
			name = Debug;
		};
		85B2291D2735091E009E343D /* Release */ = {
			isa = XCBuildConfiguration;
			buildSettings = {
				ALWAYS_SEARCH_USER_PATHS = NO;
				CLANG_ANALYZER_NONNULL = YES;
				CLANG_ANALYZER_NUMBER_OBJECT_CONVERSION = YES_AGGRESSIVE;
				CLANG_CXX_LANGUAGE_STANDARD = "gnu++17";
				CLANG_CXX_LIBRARY = "libc++";
				CLANG_ENABLE_MODULES = YES;
				CLANG_ENABLE_OBJC_ARC = YES;
				CLANG_ENABLE_OBJC_WEAK = YES;
				CLANG_WARN_BLOCK_CAPTURE_AUTORELEASING = YES;
				CLANG_WARN_BOOL_CONVERSION = YES;
				CLANG_WARN_COMMA = YES;
				CLANG_WARN_CONSTANT_CONVERSION = YES;
				CLANG_WARN_DEPRECATED_OBJC_IMPLEMENTATIONS = YES;
				CLANG_WARN_DIRECT_OBJC_ISA_USAGE = YES_ERROR;
				CLANG_WARN_DOCUMENTATION_COMMENTS = YES;
				CLANG_WARN_EMPTY_BODY = YES;
				CLANG_WARN_ENUM_CONVERSION = YES;
				CLANG_WARN_INFINITE_RECURSION = YES;
				CLANG_WARN_INT_CONVERSION = YES;
				CLANG_WARN_NON_LITERAL_NULL_CONVERSION = YES;
				CLANG_WARN_OBJC_IMPLICIT_RETAIN_SELF = YES;
				CLANG_WARN_OBJC_LITERAL_CONVERSION = YES;
				CLANG_WARN_OBJC_ROOT_CLASS = YES_ERROR;
				CLANG_WARN_QUOTED_INCLUDE_IN_FRAMEWORK_HEADER = YES;
				CLANG_WARN_RANGE_LOOP_ANALYSIS = YES;
				CLANG_WARN_STRICT_PROTOTYPES = YES;
				CLANG_WARN_SUSPICIOUS_MOVE = YES;
				CLANG_WARN_UNGUARDED_AVAILABILITY = YES_AGGRESSIVE;
				CLANG_WARN_UNREACHABLE_CODE = YES;
				CLANG_WARN__DUPLICATE_METHOD_MATCH = YES;
				COPY_PHASE_STRIP = NO;
				DEBUG_INFORMATION_FORMAT = "dwarf-with-dsym";
				ENABLE_NS_ASSERTIONS = NO;
				ENABLE_STRICT_OBJC_MSGSEND = YES;
				GCC_C_LANGUAGE_STANDARD = gnu11;
				GCC_NO_COMMON_BLOCKS = YES;
				GCC_WARN_64_TO_32_BIT_CONVERSION = YES;
				GCC_WARN_ABOUT_RETURN_TYPE = YES_ERROR;
				GCC_WARN_UNDECLARED_SELECTOR = YES;
				GCC_WARN_UNINITIALIZED_AUTOS = YES_AGGRESSIVE;
				GCC_WARN_UNUSED_FUNCTION = YES;
				GCC_WARN_UNUSED_VARIABLE = YES;
				IPHONEOS_DEPLOYMENT_TARGET = 15.0;
				MTL_ENABLE_DEBUG_INFO = NO;
				MTL_FAST_MATH = YES;
				SDKROOT = iphoneos;
				SWIFT_COMPILATION_MODE = wholemodule;
				SWIFT_OPTIMIZATION_LEVEL = "-O";
				VALIDATE_PRODUCT = YES;
			};
			name = Release;
		};
		85B2291F2735091E009E343D /* Debug */ = {
			isa = XCBuildConfiguration;
			buildSettings = {
				ALWAYS_EMBED_SWIFT_STANDARD_LIBRARIES = YES;
				ASSETCATALOG_COMPILER_APPICON_NAME = AppIcon;
				ASSETCATALOG_COMPILER_GLOBAL_ACCENT_COLOR_NAME = AccentColor;
				CODE_SIGN_ENTITLEMENTS = WordsFactory/WordsFactory.entitlements;
				CODE_SIGN_STYLE = Automatic;
				CURRENT_PROJECT_VERSION = 1;
				DEVELOPMENT_ASSET_PATHS = "\"WordsFactory/Preview Content\"";
				DEVELOPMENT_TEAM = 99C2LB4W93;
				ENABLE_PREVIEWS = YES;
				GENERATE_INFOPLIST_FILE = YES;
				INFOPLIST_FILE = WordsFactory/Info.plist;
				INFOPLIST_KEY_UIApplicationSceneManifest_Generation = YES;
				INFOPLIST_KEY_UIApplicationSupportsIndirectInputEvents = YES;
				INFOPLIST_KEY_UILaunchScreen_Generation = YES;
				INFOPLIST_KEY_UILaunchStoryboardName = "Launch Screen";
				INFOPLIST_KEY_UISupportedInterfaceOrientations_iPad = "UIInterfaceOrientationPortrait UIInterfaceOrientationPortraitUpsideDown UIInterfaceOrientationLandscapeLeft UIInterfaceOrientationLandscapeRight";
				INFOPLIST_KEY_UISupportedInterfaceOrientations_iPhone = "UIInterfaceOrientationPortrait UIInterfaceOrientationLandscapeLeft UIInterfaceOrientationLandscapeRight";
				IPHONEOS_DEPLOYMENT_TARGET = 14.0;
				LD_RUNPATH_SEARCH_PATHS = (
					"$(inherited)",
					"@executable_path/Frameworks",
				);
				MARKETING_VERSION = 1.0;
				PRODUCT_BUNDLE_IDENTIFIER = ru.coolone.WordsFactory;
				PRODUCT_NAME = "$(TARGET_NAME)";
				SWIFT_EMIT_LOC_STRINGS = YES;
				SWIFT_VERSION = 5.0;
				TARGETED_DEVICE_FAMILY = "1,2";
			};
			name = Debug;
		};
		85B229202735091E009E343D /* Release */ = {
			isa = XCBuildConfiguration;
			buildSettings = {
				ALWAYS_EMBED_SWIFT_STANDARD_LIBRARIES = YES;
				ASSETCATALOG_COMPILER_APPICON_NAME = AppIcon;
				ASSETCATALOG_COMPILER_GLOBAL_ACCENT_COLOR_NAME = AccentColor;
				CODE_SIGN_ENTITLEMENTS = WordsFactory/WordsFactory.entitlements;
				CODE_SIGN_STYLE = Automatic;
				CURRENT_PROJECT_VERSION = 1;
				DEVELOPMENT_ASSET_PATHS = "\"WordsFactory/Preview Content\"";
				DEVELOPMENT_TEAM = 99C2LB4W93;
				ENABLE_PREVIEWS = YES;
				GENERATE_INFOPLIST_FILE = YES;
				INFOPLIST_FILE = WordsFactory/Info.plist;
				INFOPLIST_KEY_UIApplicationSceneManifest_Generation = YES;
				INFOPLIST_KEY_UIApplicationSupportsIndirectInputEvents = YES;
				INFOPLIST_KEY_UILaunchScreen_Generation = YES;
				INFOPLIST_KEY_UILaunchStoryboardName = "Launch Screen";
				INFOPLIST_KEY_UISupportedInterfaceOrientations_iPad = "UIInterfaceOrientationPortrait UIInterfaceOrientationPortraitUpsideDown UIInterfaceOrientationLandscapeLeft UIInterfaceOrientationLandscapeRight";
				INFOPLIST_KEY_UISupportedInterfaceOrientations_iPhone = "UIInterfaceOrientationPortrait UIInterfaceOrientationLandscapeLeft UIInterfaceOrientationLandscapeRight";
				IPHONEOS_DEPLOYMENT_TARGET = 14.0;
				LD_RUNPATH_SEARCH_PATHS = (
					"$(inherited)",
					"@executable_path/Frameworks",
				);
				MARKETING_VERSION = 1.0;
				PRODUCT_BUNDLE_IDENTIFIER = ru.coolone.WordsFactory;
				PRODUCT_NAME = "$(TARGET_NAME)";
				SWIFT_EMIT_LOC_STRINGS = YES;
				SWIFT_VERSION = 5.0;
				TARGETED_DEVICE_FAMILY = "1,2";
			};
			name = Release;
		};
		85B229222735091E009E343D /* Debug */ = {
			isa = XCBuildConfiguration;
			buildSettings = {
				ALWAYS_EMBED_SWIFT_STANDARD_LIBRARIES = YES;
				BUNDLE_LOADER = "$(TEST_HOST)";
				CODE_SIGN_STYLE = Automatic;
				CURRENT_PROJECT_VERSION = 1;
				DEVELOPMENT_TEAM = 99C2LB4W93;
				GENERATE_INFOPLIST_FILE = YES;
				IPHONEOS_DEPLOYMENT_TARGET = 14.0;
				LD_RUNPATH_SEARCH_PATHS = (
					"$(inherited)",
					"@executable_path/Frameworks",
					"@loader_path/Frameworks",
				);
				MARKETING_VERSION = 1.0;
				PRODUCT_BUNDLE_IDENTIFIER = ru.coolone.WordsFactoryTests;
				PRODUCT_NAME = "$(TARGET_NAME)";
				SWIFT_EMIT_LOC_STRINGS = NO;
				SWIFT_VERSION = 5.0;
				TARGETED_DEVICE_FAMILY = "1,2";
				TEST_HOST = "$(BUILT_PRODUCTS_DIR)/WordsFactory.app/WordsFactory";
			};
			name = Debug;
		};
		85B229232735091E009E343D /* Release */ = {
			isa = XCBuildConfiguration;
			buildSettings = {
				ALWAYS_EMBED_SWIFT_STANDARD_LIBRARIES = YES;
				BUNDLE_LOADER = "$(TEST_HOST)";
				CODE_SIGN_STYLE = Automatic;
				CURRENT_PROJECT_VERSION = 1;
				DEVELOPMENT_TEAM = 99C2LB4W93;
				GENERATE_INFOPLIST_FILE = YES;
				IPHONEOS_DEPLOYMENT_TARGET = 14.0;
				LD_RUNPATH_SEARCH_PATHS = (
					"$(inherited)",
					"@executable_path/Frameworks",
					"@loader_path/Frameworks",
				);
				MARKETING_VERSION = 1.0;
				PRODUCT_BUNDLE_IDENTIFIER = ru.coolone.WordsFactoryTests;
				PRODUCT_NAME = "$(TARGET_NAME)";
				SWIFT_EMIT_LOC_STRINGS = NO;
				SWIFT_VERSION = 5.0;
				TARGETED_DEVICE_FAMILY = "1,2";
				TEST_HOST = "$(BUILT_PRODUCTS_DIR)/WordsFactory.app/WordsFactory";
			};
			name = Release;
		};
		85B229252735091E009E343D /* Debug */ = {
			isa = XCBuildConfiguration;
			buildSettings = {
				ALWAYS_EMBED_SWIFT_STANDARD_LIBRARIES = YES;
				CODE_SIGN_STYLE = Automatic;
				CURRENT_PROJECT_VERSION = 1;
				DEVELOPMENT_TEAM = 99C2LB4W93;
				GENERATE_INFOPLIST_FILE = YES;
				LD_RUNPATH_SEARCH_PATHS = (
					"$(inherited)",
					"@executable_path/Frameworks",
					"@loader_path/Frameworks",
				);
				MARKETING_VERSION = 1.0;
				PRODUCT_BUNDLE_IDENTIFIER = ru.coolone.WordsFactoryUITests;
				PRODUCT_NAME = "$(TARGET_NAME)";
				SWIFT_EMIT_LOC_STRINGS = NO;
				SWIFT_VERSION = 5.0;
				TARGETED_DEVICE_FAMILY = "1,2";
				TEST_TARGET_NAME = WordsFactory;
			};
			name = Debug;
		};
		85B229262735091E009E343D /* Release */ = {
			isa = XCBuildConfiguration;
			buildSettings = {
				ALWAYS_EMBED_SWIFT_STANDARD_LIBRARIES = YES;
				CODE_SIGN_STYLE = Automatic;
				CURRENT_PROJECT_VERSION = 1;
				DEVELOPMENT_TEAM = 99C2LB4W93;
				GENERATE_INFOPLIST_FILE = YES;
				LD_RUNPATH_SEARCH_PATHS = (
					"$(inherited)",
					"@executable_path/Frameworks",
					"@loader_path/Frameworks",
				);
				MARKETING_VERSION = 1.0;
				PRODUCT_BUNDLE_IDENTIFIER = ru.coolone.WordsFactoryUITests;
				PRODUCT_NAME = "$(TARGET_NAME)";
				SWIFT_EMIT_LOC_STRINGS = NO;
				SWIFT_VERSION = 5.0;
				TARGETED_DEVICE_FAMILY = "1,2";
				TEST_TARGET_NAME = WordsFactory;
			};
			name = Release;
		};
/* End XCBuildConfiguration section */

/* Begin XCConfigurationList section */
		85473503273573FF009AFFB1 /* Build configuration list for PBXNativeTarget "CoolWidgetExtension" */ = {
			isa = XCConfigurationList;
			buildConfigurations = (
				85473504273573FF009AFFB1 /* Debug */,
				85473505273573FF009AFFB1 /* Release */,
			);
			defaultConfigurationIsVisible = 0;
			defaultConfigurationName = Release;
		};
		8547353627357957009AFFB1 /* Build configuration list for PBXNativeTarget "CoolWatch WatchKit Extension" */ = {
			isa = XCConfigurationList;
			buildConfigurations = (
				8547353727357957009AFFB1 /* Debug */,
				8547353827357957009AFFB1 /* Release */,
			);
			defaultConfigurationIsVisible = 0;
			defaultConfigurationName = Release;
		};
		8547353A27357957009AFFB1 /* Build configuration list for PBXNativeTarget "CoolWatch" */ = {
			isa = XCConfigurationList;
			buildConfigurations = (
				8547353B27357957009AFFB1 /* Debug */,
				8547353C27357957009AFFB1 /* Release */,
			);
			defaultConfigurationIsVisible = 0;
			defaultConfigurationName = Release;
		};
		85B228F02735091C009E343D /* Build configuration list for PBXProject "WordsFactory" */ = {
			isa = XCConfigurationList;
			buildConfigurations = (
				85B2291C2735091E009E343D /* Debug */,
				85B2291D2735091E009E343D /* Release */,
			);
			defaultConfigurationIsVisible = 0;
			defaultConfigurationName = Release;
		};
		85B2291E2735091E009E343D /* Build configuration list for PBXNativeTarget "WordsFactory" */ = {
			isa = XCConfigurationList;
			buildConfigurations = (
				85B2291F2735091E009E343D /* Debug */,
				85B229202735091E009E343D /* Release */,
			);
			defaultConfigurationIsVisible = 0;
			defaultConfigurationName = Release;
		};
		85B229212735091E009E343D /* Build configuration list for PBXNativeTarget "WordsFactoryTests" */ = {
			isa = XCConfigurationList;
			buildConfigurations = (
				85B229222735091E009E343D /* Debug */,
				85B229232735091E009E343D /* Release */,
			);
			defaultConfigurationIsVisible = 0;
			defaultConfigurationName = Release;
		};
		85B229242735091E009E343D /* Build configuration list for PBXNativeTarget "WordsFactoryUITests" */ = {
			isa = XCConfigurationList;
			buildConfigurations = (
				85B229252735091E009E343D /* Debug */,
				85B229262735091E009E343D /* Release */,
			);
			defaultConfigurationIsVisible = 0;
			defaultConfigurationName = Release;
		};
/* End XCConfigurationList section */

/* Begin XCRemoteSwiftPackageReference section */
		85B22927273509E5009E343D /* XCRemoteSwiftPackageReference "Alamofire" */ = {
			isa = XCRemoteSwiftPackageReference;
			repositoryURL = "https://github.com/Alamofire/Alamofire.git";
			requirement = {
				kind = upToNextMajorVersion;
				minimumVersion = 5.0.0;
			};
		};
		85B2292A273509F3009E343D /* XCRemoteSwiftPackageReference "AlamofireNetworkActivityLogger" */ = {
			isa = XCRemoteSwiftPackageReference;
			repositoryURL = "https://github.com/konkab/AlamofireNetworkActivityLogger.git";
			requirement = {
				kind = upToNextMajorVersion;
				minimumVersion = 3.0.0;
			};
		};
		85B2292D27350A01009E343D /* XCRemoteSwiftPackageReference "Media" */ = {
			isa = XCRemoteSwiftPackageReference;
			repositoryURL = "https://github.com/crelies/Media.git";
			requirement = {
				kind = upToNextMajorVersion;
				minimumVersion = 3.0.0;
			};
		};
		85B2293227350A0A009E343D /* XCRemoteSwiftPackageReference "swiftui-flow-layout" */ = {
			isa = XCRemoteSwiftPackageReference;
			repositoryURL = "https://github.com/globulus/swiftui-flow-layout";
			requirement = {
				branch = main;
				kind = branch;
			};
		};
		85B2293527350A18009E343D /* XCRemoteSwiftPackageReference "SwiftyJSON" */ = {
			isa = XCRemoteSwiftPackageReference;
			repositoryURL = "https://github.com/SwiftyJSON/SwiftyJSON";
			requirement = {
				branch = master;
				kind = branch;
			};
		};
		85B2293827350A23009E343D /* XCRemoteSwiftPackageReference "DynamicColor" */ = {
			isa = XCRemoteSwiftPackageReference;
			repositoryURL = "https://github.com/yannickl/DynamicColor.git";
			requirement = {
				kind = upToNextMajorVersion;
				minimumVersion = 5.0.0;
			};
		};
		85B2293B27350A2D009E343D /* XCRemoteSwiftPackageReference "SwiftUIX" */ = {
			isa = XCRemoteSwiftPackageReference;
			repositoryURL = "https://github.com/SwiftUIX/SwiftUIX.git";
			requirement = {
				kind = upToNextMajorVersion;
				minimumVersion = 0.0.9;
			};
		};
		85B2293E27350A3A009E343D /* XCRemoteSwiftPackageReference "pure-swift-ui" */ = {
			isa = XCRemoteSwiftPackageReference;
			repositoryURL = "https://github.com/CodeSlicing/pure-swift-ui.git";
			requirement = {
				kind = upToNextMajorVersion;
				minimumVersion = 3.0.0;
			};
		};
		85B2294127350A49009E343D /* XCRemoteSwiftPackageReference "SDWebImageSwiftUI" */ = {
			isa = XCRemoteSwiftPackageReference;
			repositoryURL = "https://github.com/SDWebImage/SDWebImageSwiftUI.git";
			requirement = {
				kind = upToNextMajorVersion;
				minimumVersion = 2.0.0;
			};
		};
		85B2294427350A5D009E343D /* XCRemoteSwiftPackageReference "Regex" */ = {
			isa = XCRemoteSwiftPackageReference;
			repositoryURL = "https://github.com/sharplet/Regex.git";
			requirement = {
				kind = upToNextMajorVersion;
				minimumVersion = 2.0.0;
			};
		};
		85B2294727350A78009E343D /* XCRemoteSwiftPackageReference "SwipeCell" */ = {
			isa = XCRemoteSwiftPackageReference;
			repositoryURL = "https://github.com/EnesKaraosman/SwipeCell.git";
			requirement = {
				kind = upToNextMajorVersion;
				minimumVersion = 0.1.3;
			};
		};
		85B2294A27350A91009E343D /* XCRemoteSwiftPackageReference "SwiftUI-Introspect" */ = {
			isa = XCRemoteSwiftPackageReference;
			repositoryURL = "https://github.com/siteline/SwiftUI-Introspect.git";
			requirement = {
				kind = upToNextMajorVersion;
				minimumVersion = 0.1.3;
			};
		};
/* End XCRemoteSwiftPackageReference section */

/* Begin XCSwiftPackageProductDependency section */
		8547350D27357516009AFFB1 /* SwiftUIX */ = {
			isa = XCSwiftPackageProductDependency;
			package = 85B2293B27350A2D009E343D /* XCRemoteSwiftPackageReference "SwiftUIX" */;
			productName = SwiftUIX;
		};
		85473511273576A8009AFFB1 /* DynamicColor */ = {
			isa = XCSwiftPackageProductDependency;
			package = 85B2293827350A23009E343D /* XCRemoteSwiftPackageReference "DynamicColor" */;
			productName = DynamicColor;
		};
		8547354427357B1F009AFFB1 /* SwiftUIX */ = {
			isa = XCSwiftPackageProductDependency;
			package = 85B2293B27350A2D009E343D /* XCRemoteSwiftPackageReference "SwiftUIX" */;
			productName = SwiftUIX;
		};
		8547354827357BCD009AFFB1 /* DynamicColor */ = {
			isa = XCSwiftPackageProductDependency;
			package = 85B2293827350A23009E343D /* XCRemoteSwiftPackageReference "DynamicColor" */;
			productName = DynamicColor;
		};
		85B22928273509E5009E343D /* Alamofire */ = {
			isa = XCSwiftPackageProductDependency;
			package = 85B22927273509E5009E343D /* XCRemoteSwiftPackageReference "Alamofire" */;
			productName = Alamofire;
		};
		85B2292B273509F3009E343D /* AlamofireNetworkActivityLogger */ = {
			isa = XCSwiftPackageProductDependency;
			package = 85B2292A273509F3009E343D /* XCRemoteSwiftPackageReference "AlamofireNetworkActivityLogger" */;
			productName = AlamofireNetworkActivityLogger;
		};
		85B2292E27350A01009E343D /* MediaCore */ = {
			isa = XCSwiftPackageProductDependency;
			package = 85B2292D27350A01009E343D /* XCRemoteSwiftPackageReference "Media" */;
			productName = MediaCore;
		};
		85B2293027350A01009E343D /* MediaSwiftUI */ = {
			isa = XCSwiftPackageProductDependency;
			package = 85B2292D27350A01009E343D /* XCRemoteSwiftPackageReference "Media" */;
			productName = MediaSwiftUI;
		};
		85B2293327350A0A009E343D /* SwiftUIFlowLayout */ = {
			isa = XCSwiftPackageProductDependency;
			package = 85B2293227350A0A009E343D /* XCRemoteSwiftPackageReference "swiftui-flow-layout" */;
			productName = SwiftUIFlowLayout;
		};
		85B2293627350A18009E343D /* SwiftyJSON */ = {
			isa = XCSwiftPackageProductDependency;
			package = 85B2293527350A18009E343D /* XCRemoteSwiftPackageReference "SwiftyJSON" */;
			productName = SwiftyJSON;
		};
		85B2293927350A23009E343D /* DynamicColor */ = {
			isa = XCSwiftPackageProductDependency;
			package = 85B2293827350A23009E343D /* XCRemoteSwiftPackageReference "DynamicColor" */;
			productName = DynamicColor;
		};
		85B2293C27350A2D009E343D /* SwiftUIX */ = {
			isa = XCSwiftPackageProductDependency;
			package = 85B2293B27350A2D009E343D /* XCRemoteSwiftPackageReference "SwiftUIX" */;
			productName = SwiftUIX;
		};
		85B2293F27350A3A009E343D /* PureSwiftUI */ = {
			isa = XCSwiftPackageProductDependency;
			package = 85B2293E27350A3A009E343D /* XCRemoteSwiftPackageReference "pure-swift-ui" */;
			productName = PureSwiftUI;
		};
		85B2294227350A49009E343D /* SDWebImageSwiftUI */ = {
			isa = XCSwiftPackageProductDependency;
			package = 85B2294127350A49009E343D /* XCRemoteSwiftPackageReference "SDWebImageSwiftUI" */;
			productName = SDWebImageSwiftUI;
		};
		85B2294527350A5D009E343D /* Regex */ = {
			isa = XCSwiftPackageProductDependency;
			package = 85B2294427350A5D009E343D /* XCRemoteSwiftPackageReference "Regex" */;
			productName = Regex;
		};
		85B2294827350A78009E343D /* SwipeCell */ = {
			isa = XCSwiftPackageProductDependency;
			package = 85B2294727350A78009E343D /* XCRemoteSwiftPackageReference "SwipeCell" */;
			productName = SwipeCell;
		};
		85B2294B27350A91009E343D /* Introspect */ = {
			isa = XCSwiftPackageProductDependency;
			package = 85B2294A27350A91009E343D /* XCRemoteSwiftPackageReference "SwiftUI-Introspect" */;
			productName = Introspect;
		};
/* End XCSwiftPackageProductDependency section */

/* Begin XCVersionGroup section */
		85B229032735091E009E343D /* WordsFactory.xcdatamodeld */ = {
			isa = XCVersionGroup;
			children = (
				85B229042735091E009E343D /* WordsFactory.xcdatamodel */,
			);
			currentVersion = 85B229042735091E009E343D /* WordsFactory.xcdatamodel */;
			path = WordsFactory.xcdatamodeld;
			sourceTree = "<group>";
			versionGroupType = wrapper.xcdatamodel;
		};
/* End XCVersionGroup section */
	};
	rootObject = 85B228ED2735091C009E343D /* Project object */;
}
